
Microsoft Visual Studio Solution File, Format Version 10.00
# Visual Studio 2008
Project("{FAE04EC0-301F-11D3-BF4B-00C04F79EFBC}") = "EventDelegateTest", "EventDelegateTest.csproj", "{A768CB03-3A8D-4263-A53D-F22F58544230}"
EndProject
Project("{FAE04EC0-301F-11D3-BF4B-00C04F79EFBC}") = "EventAndDelegateTest", "EventAndDelegateTest\EventAndDelegateTest.csproj", "{780EA07D-3229-41EF-AF17-B4F5D561CDF5}"
EndProject
Project("{FAE04EC0-301F-11D3-BF4B-00C04F79EFBC}") = "EventHandlerTest", "..\EventHandlerTest\EventHandlerTest.csproj", "{59533872-4397-4135-A29B-11F5A736FDC0}"
EndProject
Global
	GlobalSection(SolutionConfigurationPlatforms) = preSolution
		Debug|Any CPU = Debug|Any CPU
		Release|Any CPU = Release|Any CPU
	EndGlobalSection
	GlobalSection(ProjectConfigurationPlatforms) = postSolution
		{A768CB03-3A8D-4263-A53D-F22F58544230}.Debug|Any CPU.ActiveCfg = Debug|Any CPU
		{A768CB03-3A8D-4263-A53D-F22F58544230}.Debug|Any CPU.Build.0 = Debug|Any CPU
		{A768CB03-3A8D-4263-A53D-F22F58544230}.Release|Any CPU.ActiveCfg = Release|Any CPU
		{A768CB03-3A8D-4263-A53D-F22F58544230}.Release|Any CPU.Build.0 = Release|Any CPU
		{780EA07D-3229-41EF-AF17-B4F5D561CDF5}.Debug|Any CPU.ActiveCfg = Debug|Any CPU
		{780EA07D-3229-41EF-AF17-B4F5D561CDF5}.Debug|Any CPU.Build.0 = Debug|Any CPU
		{780EA07D-3229-41EF-AF17-B4F5D561CDF5}.Release|Any CPU.ActiveCfg = Release|Any CPU
		{780EA07D-3229-41EF-AF17-B4F5D561CDF5}.Release|Any CPU.Build.0 = Release|Any CPU
		{59533872-4397-4135-A29B-11F5A736FDC0}.Debug|Any CPU.ActiveCfg = Debug|Any CPU
		{59533872-4397-4135-A29B-11F5A736FDC0}.Debug|Any CPU.Build.0 = Debug|Any CPU
		{59533872-4397-4135-A29B-11F5A736FDC0}.Release|Any CPU.ActiveCfg = Release|Any CPU
		{59533872-4397-4135-A29B-11F5A736FDC0}.Release|Any CPU.Build.0 = Release|Any CPU
	EndGlobalSection
	GlobalSection(SolutionProperties) = preSolution
		HideSolutionNode = FALSE
	EndGlobalSection
EndGlobal
