
Microsoft Visual Studio Solution File, Format Version 12.00
# Visual Studio 2012
Project("{FAE04EC0-301F-11D3-BF4B-00C04F79EFBC}") = "TestFileStream", "TestFileStream\TestFileStream.csproj", "{A12DD517-5B56-4A53-ADF6-8FF5751C5CCE}"
EndProject
Global
	GlobalSection(SolutionConfigurationPlatforms) = preSolution
		Debug|Any CPU = Debug|Any CPU
		Release|Any CPU = Release|Any CPU
	EndGlobalSection
	GlobalSection(ProjectConfigurationPlatforms) = postSolution
		{A12DD517-5B56-4A53-ADF6-8FF5751C5CCE}.Debug|Any CPU.ActiveCfg = Debug|Any CPU
		{A12DD517-5B56-4A53-ADF6-8FF5751C5CCE}.Debug|Any CPU.Build.0 = Debug|Any CPU
		{A12DD517-5B56-4A53-ADF6-8FF5751C5CCE}.Release|Any CPU.ActiveCfg = Release|Any CPU
		{A12DD517-5B56-4A53-ADF6-8FF5751C5CCE}.Release|Any CPU.Build.0 = Release|Any CPU
	EndGlobalSection
	GlobalSection(SolutionProperties) = preSolution
		HideSolutionNode = FALSE
	EndGlobalSection
EndGlobal
