
Microsoft Visual Studio Solution File, Format Version 10.00
# Visual Studio 2008
Project("{FAE04EC0-301F-11D3-BF4B-00C04F79EFBC}") = "TestReadAppSetting", "TestReadAppSetting\TestReadAppSetting.csproj", "{6BFCF9D3-84B7-47C7-B76C-F0D79BF21B09}"
EndProject
Project("{FAE04EC0-301F-11D3-BF4B-00C04F79EFBC}") = "TestModule", "TestModule\TestModule.csproj", "{BB2E40F1-D99C-472E-92D4-41220EB378F8}"
EndProject
Project("{FAE04EC0-301F-11D3-BF4B-00C04F79EFBC}") = "TimeSpanTest", "TimeSpanTest\TimeSpanTest.csproj", "{AC1511F4-6F71-4CCD-95CF-EA168E2C4D38}"
EndProject
Project("{FAE04EC0-301F-11D3-BF4B-00C04F79EFBC}") = "TestEvents", "TestEvents\TestEvents.csproj", "{5670C9CC-2E34-4A55-B8E6-74E3EB60B854}"
EndProject
Project("{FAE04EC0-301F-11D3-BF4B-00C04F79EFBC}") = "TestEventService", "TestEventService\TestEventService.csproj", "{EBE5EC03-F9AC-42F4-B46B-AAC9E2DE6FA3}"
EndProject
Project("{2150E333-8FDC-42A3-9474-1A3956D46DE8}") = "Logging", "Logging", "{AB087531-862B-489E-ACDA-09C6CC6A20FE}"
EndProject
Project("{FAE04EC0-301F-11D3-BF4B-00C04F79EFBC}") = "log4net.vs2008", "Logging\log4net-1.2.13\src\log4net.vs2008.csproj", "{181FE707-E161-4722-9F38-6AAAB6FAA106}"
EndProject
Project("{FAE04EC0-301F-11D3-BF4B-00C04F79EFBC}") = "SmartDeviceWithCF2.0", "Logging\SmartDeviceWithCF2.0\SmartDeviceWithCF2.0.csproj", "{9B624ADB-ACDE-4F23-B712-B3170B91020F}"
EndProject
Project("{FAE04EC0-301F-11D3-BF4B-00C04F79EFBC}") = "WFALog4netTest", "Logging\WFALog4netTest\WFALog4netTest.csproj", "{BE1EA868-B368-460F-9FC4-2DF35863AF6F}"
EndProject
Project("{2150E333-8FDC-42A3-9474-1A3956D46DE8}") = "OpenNETCF", "OpenNETCF", "{9EC283C8-F57F-4CB7-98CE-9E606C5DEBAF}"
EndProject
Project("{2150E333-8FDC-42A3-9474-1A3956D46DE8}") = "IoC", "IoC", "{D9789B2C-ECCD-46E6-9393-7A655F2D41E7}"
EndProject
Project("{2150E333-8FDC-42A3-9474-1A3956D46DE8}") = "SDF", "SDF", "{39E34CEF-8E56-4E8A-9619-36C5948D27AA}"
EndProject
Project("{2150E333-8FDC-42A3-9474-1A3956D46DE8}") = "Serial", "Serial", "{C3C4503F-0C4D-43D0-925A-F29FDCFC9060}"
EndProject
Project("{FAE04EC0-301F-11D3-BF4B-00C04F79EFBC}") = "OpenNETCF.IoC", "OpenNETCF\IoC\OpenNETCF.IoC\OpenNETCF.IoC.csproj", "{E2095D96-8EC2-4382-AEEF-55D9DF2325C0}"
EndProject
Project("{FAE04EC0-301F-11D3-BF4B-00C04F79EFBC}") = "OpenNETCF", "OpenNETCF\SDF\OpenNETCF\OpenNETCF.csproj", "{ED420160-D2FD-4437-9D28-F10C55E4DB28}"
EndProject
Project("{FAE04EC0-301F-11D3-BF4B-00C04F79EFBC}") = "OpenNETCF.Configuration", "OpenNETCF\SDF\OpenNETCF.Configuration\OpenNETCF.Configuration.csproj", "{C9C83714-D202-49D3-9033-73FC3E88691B}"
EndProject
Project("{FAE04EC0-301F-11D3-BF4B-00C04F79EFBC}") = "OpenNETCF.IO.Serial", "OpenNETCF\Serial\OpenNETCF.IO.Serial\OpenNETCF.IO.Serial.csproj", "{1B629491-168E-4B05-9937-D9679F980E98}"
EndProject
Global
	GlobalSection(SolutionConfigurationPlatforms) = preSolution
		Debug 2.0|Any CPU = Debug 2.0|Any CPU
		Debug 2.0|Mixed Platforms = Debug 2.0|Mixed Platforms
		Debug 2.0|x86 = Debug 2.0|x86
		Debug|Any CPU = Debug|Any CPU
		Debug|Mixed Platforms = Debug|Mixed Platforms
		Debug|x86 = Debug|x86
		IntegrationTestDebug|Any CPU = IntegrationTestDebug|Any CPU
		IntegrationTestDebug|Mixed Platforms = IntegrationTestDebug|Mixed Platforms
		IntegrationTestDebug|x86 = IntegrationTestDebug|x86
		IntegrationTestRelease|Any CPU = IntegrationTestRelease|Any CPU
		IntegrationTestRelease|Mixed Platforms = IntegrationTestRelease|Mixed Platforms
		IntegrationTestRelease|x86 = IntegrationTestRelease|x86
		NDoc|Any CPU = NDoc|Any CPU
		NDoc|Mixed Platforms = NDoc|Mixed Platforms
		NDoc|x86 = NDoc|x86
		Release 2.0|Any CPU = Release 2.0|Any CPU
		Release 2.0|Mixed Platforms = Release 2.0|Mixed Platforms
		Release 2.0|x86 = Release 2.0|x86
		Release|Any CPU = Release|Any CPU
		Release|Mixed Platforms = Release|Mixed Platforms
		Release|x86 = Release|x86
		Timebomb|Any CPU = Timebomb|Any CPU
		Timebomb|Mixed Platforms = Timebomb|Mixed Platforms
		Timebomb|x86 = Timebomb|x86
	EndGlobalSection
	GlobalSection(ProjectConfigurationPlatforms) = postSolution
		{6BFCF9D3-84B7-47C7-B76C-F0D79BF21B09}.Debug 2.0|Any CPU.ActiveCfg = Debug|Any CPU
		{6BFCF9D3-84B7-47C7-B76C-F0D79BF21B09}.Debug 2.0|Any CPU.Build.0 = Debug|Any CPU
		{6BFCF9D3-84B7-47C7-B76C-F0D79BF21B09}.Debug 2.0|Any CPU.Deploy.0 = Debug|Any CPU
		{6BFCF9D3-84B7-47C7-B76C-F0D79BF21B09}.Debug 2.0|Mixed Platforms.ActiveCfg = Debug|Any CPU
		{6BFCF9D3-84B7-47C7-B76C-F0D79BF21B09}.Debug 2.0|Mixed Platforms.Build.0 = Debug|Any CPU
		{6BFCF9D3-84B7-47C7-B76C-F0D79BF21B09}.Debug 2.0|Mixed Platforms.Deploy.0 = Debug|Any CPU
		{6BFCF9D3-84B7-47C7-B76C-F0D79BF21B09}.Debug 2.0|x86.ActiveCfg = Debug|Any CPU
		{6BFCF9D3-84B7-47C7-B76C-F0D79BF21B09}.Debug|Any CPU.ActiveCfg = Debug|Any CPU
		{6BFCF9D3-84B7-47C7-B76C-F0D79BF21B09}.Debug|Any CPU.Build.0 = Debug|Any CPU
		{6BFCF9D3-84B7-47C7-B76C-F0D79BF21B09}.Debug|Any CPU.Deploy.0 = Debug|Any CPU
		{6BFCF9D3-84B7-47C7-B76C-F0D79BF21B09}.Debug|Mixed Platforms.ActiveCfg = Debug|Any CPU
		{6BFCF9D3-84B7-47C7-B76C-F0D79BF21B09}.Debug|Mixed Platforms.Build.0 = Debug|Any CPU
		{6BFCF9D3-84B7-47C7-B76C-F0D79BF21B09}.Debug|Mixed Platforms.Deploy.0 = Debug|Any CPU
		{6BFCF9D3-84B7-47C7-B76C-F0D79BF21B09}.Debug|x86.ActiveCfg = Debug|Any CPU
		{6BFCF9D3-84B7-47C7-B76C-F0D79BF21B09}.IntegrationTestDebug|Any CPU.ActiveCfg = Debug|Any CPU
		{6BFCF9D3-84B7-47C7-B76C-F0D79BF21B09}.IntegrationTestDebug|Any CPU.Build.0 = Debug|Any CPU
		{6BFCF9D3-84B7-47C7-B76C-F0D79BF21B09}.IntegrationTestDebug|Any CPU.Deploy.0 = Debug|Any CPU
		{6BFCF9D3-84B7-47C7-B76C-F0D79BF21B09}.IntegrationTestDebug|Mixed Platforms.ActiveCfg = Debug|Any CPU
		{6BFCF9D3-84B7-47C7-B76C-F0D79BF21B09}.IntegrationTestDebug|Mixed Platforms.Build.0 = Debug|Any CPU
		{6BFCF9D3-84B7-47C7-B76C-F0D79BF21B09}.IntegrationTestDebug|Mixed Platforms.Deploy.0 = Debug|Any CPU
		{6BFCF9D3-84B7-47C7-B76C-F0D79BF21B09}.IntegrationTestDebug|x86.ActiveCfg = Debug|Any CPU
		{6BFCF9D3-84B7-47C7-B76C-F0D79BF21B09}.IntegrationTestRelease|Any CPU.ActiveCfg = Release|Any CPU
		{6BFCF9D3-84B7-47C7-B76C-F0D79BF21B09}.IntegrationTestRelease|Any CPU.Build.0 = Release|Any CPU
		{6BFCF9D3-84B7-47C7-B76C-F0D79BF21B09}.IntegrationTestRelease|Any CPU.Deploy.0 = Release|Any CPU
		{6BFCF9D3-84B7-47C7-B76C-F0D79BF21B09}.IntegrationTestRelease|Mixed Platforms.ActiveCfg = Release|Any CPU
		{6BFCF9D3-84B7-47C7-B76C-F0D79BF21B09}.IntegrationTestRelease|Mixed Platforms.Build.0 = Release|Any CPU
		{6BFCF9D3-84B7-47C7-B76C-F0D79BF21B09}.IntegrationTestRelease|Mixed Platforms.Deploy.0 = Release|Any CPU
		{6BFCF9D3-84B7-47C7-B76C-F0D79BF21B09}.IntegrationTestRelease|x86.ActiveCfg = Release|Any CPU
		{6BFCF9D3-84B7-47C7-B76C-F0D79BF21B09}.NDoc|Any CPU.ActiveCfg = Release|Any CPU
		{6BFCF9D3-84B7-47C7-B76C-F0D79BF21B09}.NDoc|Any CPU.Build.0 = Release|Any CPU
		{6BFCF9D3-84B7-47C7-B76C-F0D79BF21B09}.NDoc|Any CPU.Deploy.0 = Release|Any CPU
		{6BFCF9D3-84B7-47C7-B76C-F0D79BF21B09}.NDoc|Mixed Platforms.ActiveCfg = Release|Any CPU
		{6BFCF9D3-84B7-47C7-B76C-F0D79BF21B09}.NDoc|Mixed Platforms.Build.0 = Release|Any CPU
		{6BFCF9D3-84B7-47C7-B76C-F0D79BF21B09}.NDoc|Mixed Platforms.Deploy.0 = Release|Any CPU
		{6BFCF9D3-84B7-47C7-B76C-F0D79BF21B09}.NDoc|x86.ActiveCfg = Release|Any CPU
		{6BFCF9D3-84B7-47C7-B76C-F0D79BF21B09}.Release 2.0|Any CPU.ActiveCfg = Release|Any CPU
		{6BFCF9D3-84B7-47C7-B76C-F0D79BF21B09}.Release 2.0|Any CPU.Build.0 = Release|Any CPU
		{6BFCF9D3-84B7-47C7-B76C-F0D79BF21B09}.Release 2.0|Any CPU.Deploy.0 = Release|Any CPU
		{6BFCF9D3-84B7-47C7-B76C-F0D79BF21B09}.Release 2.0|Mixed Platforms.ActiveCfg = Release|Any CPU
		{6BFCF9D3-84B7-47C7-B76C-F0D79BF21B09}.Release 2.0|Mixed Platforms.Build.0 = Release|Any CPU
		{6BFCF9D3-84B7-47C7-B76C-F0D79BF21B09}.Release 2.0|Mixed Platforms.Deploy.0 = Release|Any CPU
		{6BFCF9D3-84B7-47C7-B76C-F0D79BF21B09}.Release 2.0|x86.ActiveCfg = Release|Any CPU
		{6BFCF9D3-84B7-47C7-B76C-F0D79BF21B09}.Release|Any CPU.ActiveCfg = Release|Any CPU
		{6BFCF9D3-84B7-47C7-B76C-F0D79BF21B09}.Release|Any CPU.Build.0 = Release|Any CPU
		{6BFCF9D3-84B7-47C7-B76C-F0D79BF21B09}.Release|Any CPU.Deploy.0 = Release|Any CPU
		{6BFCF9D3-84B7-47C7-B76C-F0D79BF21B09}.Release|Mixed Platforms.ActiveCfg = Release|Any CPU
		{6BFCF9D3-84B7-47C7-B76C-F0D79BF21B09}.Release|Mixed Platforms.Build.0 = Release|Any CPU
		{6BFCF9D3-84B7-47C7-B76C-F0D79BF21B09}.Release|Mixed Platforms.Deploy.0 = Release|Any CPU
		{6BFCF9D3-84B7-47C7-B76C-F0D79BF21B09}.Release|x86.ActiveCfg = Release|Any CPU
		{6BFCF9D3-84B7-47C7-B76C-F0D79BF21B09}.Timebomb|Any CPU.ActiveCfg = Release|Any CPU
		{6BFCF9D3-84B7-47C7-B76C-F0D79BF21B09}.Timebomb|Any CPU.Build.0 = Release|Any CPU
		{6BFCF9D3-84B7-47C7-B76C-F0D79BF21B09}.Timebomb|Any CPU.Deploy.0 = Release|Any CPU
		{6BFCF9D3-84B7-47C7-B76C-F0D79BF21B09}.Timebomb|Mixed Platforms.ActiveCfg = Release|Any CPU
		{6BFCF9D3-84B7-47C7-B76C-F0D79BF21B09}.Timebomb|Mixed Platforms.Build.0 = Release|Any CPU
		{6BFCF9D3-84B7-47C7-B76C-F0D79BF21B09}.Timebomb|Mixed Platforms.Deploy.0 = Release|Any CPU
		{6BFCF9D3-84B7-47C7-B76C-F0D79BF21B09}.Timebomb|x86.ActiveCfg = Release|Any CPU
		{BB2E40F1-D99C-472E-92D4-41220EB378F8}.Debug 2.0|Any CPU.ActiveCfg = Debug|Any CPU
		{BB2E40F1-D99C-472E-92D4-41220EB378F8}.Debug 2.0|Any CPU.Build.0 = Debug|Any CPU
		{BB2E40F1-D99C-472E-92D4-41220EB378F8}.Debug 2.0|Mixed Platforms.ActiveCfg = Debug|Any CPU
		{BB2E40F1-D99C-472E-92D4-41220EB378F8}.Debug 2.0|Mixed Platforms.Build.0 = Debug|Any CPU
		{BB2E40F1-D99C-472E-92D4-41220EB378F8}.Debug 2.0|x86.ActiveCfg = Debug|Any CPU
		{BB2E40F1-D99C-472E-92D4-41220EB378F8}.Debug|Any CPU.ActiveCfg = Debug|Any CPU
		{BB2E40F1-D99C-472E-92D4-41220EB378F8}.Debug|Any CPU.Build.0 = Debug|Any CPU
		{BB2E40F1-D99C-472E-92D4-41220EB378F8}.Debug|Mixed Platforms.ActiveCfg = Debug|Any CPU
		{BB2E40F1-D99C-472E-92D4-41220EB378F8}.Debug|Mixed Platforms.Build.0 = Debug|Any CPU
		{BB2E40F1-D99C-472E-92D4-41220EB378F8}.Debug|x86.ActiveCfg = Debug|Any CPU
		{BB2E40F1-D99C-472E-92D4-41220EB378F8}.IntegrationTestDebug|Any CPU.ActiveCfg = Debug|Any CPU
		{BB2E40F1-D99C-472E-92D4-41220EB378F8}.IntegrationTestDebug|Any CPU.Build.0 = Debug|Any CPU
		{BB2E40F1-D99C-472E-92D4-41220EB378F8}.IntegrationTestDebug|Mixed Platforms.ActiveCfg = Debug|Any CPU
		{BB2E40F1-D99C-472E-92D4-41220EB378F8}.IntegrationTestDebug|Mixed Platforms.Build.0 = Debug|Any CPU
		{BB2E40F1-D99C-472E-92D4-41220EB378F8}.IntegrationTestDebug|x86.ActiveCfg = Debug|Any CPU
		{BB2E40F1-D99C-472E-92D4-41220EB378F8}.IntegrationTestRelease|Any CPU.ActiveCfg = Release|Any CPU
		{BB2E40F1-D99C-472E-92D4-41220EB378F8}.IntegrationTestRelease|Any CPU.Build.0 = Release|Any CPU
		{BB2E40F1-D99C-472E-92D4-41220EB378F8}.IntegrationTestRelease|Mixed Platforms.ActiveCfg = Release|Any CPU
		{BB2E40F1-D99C-472E-92D4-41220EB378F8}.IntegrationTestRelease|Mixed Platforms.Build.0 = Release|Any CPU
		{BB2E40F1-D99C-472E-92D4-41220EB378F8}.IntegrationTestRelease|x86.ActiveCfg = Release|Any CPU
		{BB2E40F1-D99C-472E-92D4-41220EB378F8}.NDoc|Any CPU.ActiveCfg = Release|Any CPU
		{BB2E40F1-D99C-472E-92D4-41220EB378F8}.NDoc|Any CPU.Build.0 = Release|Any CPU
		{BB2E40F1-D99C-472E-92D4-41220EB378F8}.NDoc|Mixed Platforms.ActiveCfg = Release|Any CPU
		{BB2E40F1-D99C-472E-92D4-41220EB378F8}.NDoc|Mixed Platforms.Build.0 = Release|Any CPU
		{BB2E40F1-D99C-472E-92D4-41220EB378F8}.NDoc|x86.ActiveCfg = Release|Any CPU
		{BB2E40F1-D99C-472E-92D4-41220EB378F8}.Release 2.0|Any CPU.ActiveCfg = Release|Any CPU
		{BB2E40F1-D99C-472E-92D4-41220EB378F8}.Release 2.0|Any CPU.Build.0 = Release|Any CPU
		{BB2E40F1-D99C-472E-92D4-41220EB378F8}.Release 2.0|Mixed Platforms.ActiveCfg = Release|Any CPU
		{BB2E40F1-D99C-472E-92D4-41220EB378F8}.Release 2.0|Mixed Platforms.Build.0 = Release|Any CPU
		{BB2E40F1-D99C-472E-92D4-41220EB378F8}.Release 2.0|x86.ActiveCfg = Release|Any CPU
		{BB2E40F1-D99C-472E-92D4-41220EB378F8}.Release|Any CPU.ActiveCfg = Release|Any CPU
		{BB2E40F1-D99C-472E-92D4-41220EB378F8}.Release|Any CPU.Build.0 = Release|Any CPU
		{BB2E40F1-D99C-472E-92D4-41220EB378F8}.Release|Mixed Platforms.ActiveCfg = Release|Any CPU
		{BB2E40F1-D99C-472E-92D4-41220EB378F8}.Release|Mixed Platforms.Build.0 = Release|Any CPU
		{BB2E40F1-D99C-472E-92D4-41220EB378F8}.Release|x86.ActiveCfg = Release|Any CPU
		{BB2E40F1-D99C-472E-92D4-41220EB378F8}.Timebomb|Any CPU.ActiveCfg = Release|Any CPU
		{BB2E40F1-D99C-472E-92D4-41220EB378F8}.Timebomb|Any CPU.Build.0 = Release|Any CPU
		{BB2E40F1-D99C-472E-92D4-41220EB378F8}.Timebomb|Mixed Platforms.ActiveCfg = Release|Any CPU
		{BB2E40F1-D99C-472E-92D4-41220EB378F8}.Timebomb|Mixed Platforms.Build.0 = Release|Any CPU
		{BB2E40F1-D99C-472E-92D4-41220EB378F8}.Timebomb|x86.ActiveCfg = Release|Any CPU
		{AC1511F4-6F71-4CCD-95CF-EA168E2C4D38}.Debug 2.0|Any CPU.ActiveCfg = Debug|Any CPU
		{AC1511F4-6F71-4CCD-95CF-EA168E2C4D38}.Debug 2.0|Any CPU.Build.0 = Debug|Any CPU
		{AC1511F4-6F71-4CCD-95CF-EA168E2C4D38}.Debug 2.0|Any CPU.Deploy.0 = Debug|Any CPU
		{AC1511F4-6F71-4CCD-95CF-EA168E2C4D38}.Debug 2.0|Mixed Platforms.ActiveCfg = Debug|Any CPU
		{AC1511F4-6F71-4CCD-95CF-EA168E2C4D38}.Debug 2.0|Mixed Platforms.Build.0 = Debug|Any CPU
		{AC1511F4-6F71-4CCD-95CF-EA168E2C4D38}.Debug 2.0|Mixed Platforms.Deploy.0 = Debug|Any CPU
		{AC1511F4-6F71-4CCD-95CF-EA168E2C4D38}.Debug 2.0|x86.ActiveCfg = Debug|Any CPU
		{AC1511F4-6F71-4CCD-95CF-EA168E2C4D38}.Debug|Any CPU.ActiveCfg = Debug|Any CPU
		{AC1511F4-6F71-4CCD-95CF-EA168E2C4D38}.Debug|Any CPU.Build.0 = Debug|Any CPU
		{AC1511F4-6F71-4CCD-95CF-EA168E2C4D38}.Debug|Any CPU.Deploy.0 = Debug|Any CPU
		{AC1511F4-6F71-4CCD-95CF-EA168E2C4D38}.Debug|Mixed Platforms.ActiveCfg = Debug|Any CPU
		{AC1511F4-6F71-4CCD-95CF-EA168E2C4D38}.Debug|Mixed Platforms.Build.0 = Debug|Any CPU
		{AC1511F4-6F71-4CCD-95CF-EA168E2C4D38}.Debug|Mixed Platforms.Deploy.0 = Debug|Any CPU
		{AC1511F4-6F71-4CCD-95CF-EA168E2C4D38}.Debug|x86.ActiveCfg = Debug|Any CPU
		{AC1511F4-6F71-4CCD-95CF-EA168E2C4D38}.IntegrationTestDebug|Any CPU.ActiveCfg = Debug|Any CPU
		{AC1511F4-6F71-4CCD-95CF-EA168E2C4D38}.IntegrationTestDebug|Any CPU.Build.0 = Debug|Any CPU
		{AC1511F4-6F71-4CCD-95CF-EA168E2C4D38}.IntegrationTestDebug|Any CPU.Deploy.0 = Debug|Any CPU
		{AC1511F4-6F71-4CCD-95CF-EA168E2C4D38}.IntegrationTestDebug|Mixed Platforms.ActiveCfg = Debug|Any CPU
		{AC1511F4-6F71-4CCD-95CF-EA168E2C4D38}.IntegrationTestDebug|Mixed Platforms.Build.0 = Debug|Any CPU
		{AC1511F4-6F71-4CCD-95CF-EA168E2C4D38}.IntegrationTestDebug|Mixed Platforms.Deploy.0 = Debug|Any CPU
		{AC1511F4-6F71-4CCD-95CF-EA168E2C4D38}.IntegrationTestDebug|x86.ActiveCfg = Debug|Any CPU
		{AC1511F4-6F71-4CCD-95CF-EA168E2C4D38}.IntegrationTestRelease|Any CPU.ActiveCfg = Release|Any CPU
		{AC1511F4-6F71-4CCD-95CF-EA168E2C4D38}.IntegrationTestRelease|Any CPU.Build.0 = Release|Any CPU
		{AC1511F4-6F71-4CCD-95CF-EA168E2C4D38}.IntegrationTestRelease|Any CPU.Deploy.0 = Release|Any CPU
		{AC1511F4-6F71-4CCD-95CF-EA168E2C4D38}.IntegrationTestRelease|Mixed Platforms.ActiveCfg = Release|Any CPU
		{AC1511F4-6F71-4CCD-95CF-EA168E2C4D38}.IntegrationTestRelease|Mixed Platforms.Build.0 = Release|Any CPU
		{AC1511F4-6F71-4CCD-95CF-EA168E2C4D38}.IntegrationTestRelease|Mixed Platforms.Deploy.0 = Release|Any CPU
		{AC1511F4-6F71-4CCD-95CF-EA168E2C4D38}.IntegrationTestRelease|x86.ActiveCfg = Release|Any CPU
		{AC1511F4-6F71-4CCD-95CF-EA168E2C4D38}.NDoc|Any CPU.ActiveCfg = Release|Any CPU
		{AC1511F4-6F71-4CCD-95CF-EA168E2C4D38}.NDoc|Any CPU.Build.0 = Release|Any CPU
		{AC1511F4-6F71-4CCD-95CF-EA168E2C4D38}.NDoc|Any CPU.Deploy.0 = Release|Any CPU
		{AC1511F4-6F71-4CCD-95CF-EA168E2C4D38}.NDoc|Mixed Platforms.ActiveCfg = Release|Any CPU
		{AC1511F4-6F71-4CCD-95CF-EA168E2C4D38}.NDoc|Mixed Platforms.Build.0 = Release|Any CPU
		{AC1511F4-6F71-4CCD-95CF-EA168E2C4D38}.NDoc|Mixed Platforms.Deploy.0 = Release|Any CPU
		{AC1511F4-6F71-4CCD-95CF-EA168E2C4D38}.NDoc|x86.ActiveCfg = Release|Any CPU
		{AC1511F4-6F71-4CCD-95CF-EA168E2C4D38}.Release 2.0|Any CPU.ActiveCfg = Release|Any CPU
		{AC1511F4-6F71-4CCD-95CF-EA168E2C4D38}.Release 2.0|Any CPU.Build.0 = Release|Any CPU
		{AC1511F4-6F71-4CCD-95CF-EA168E2C4D38}.Release 2.0|Any CPU.Deploy.0 = Release|Any CPU
		{AC1511F4-6F71-4CCD-95CF-EA168E2C4D38}.Release 2.0|Mixed Platforms.ActiveCfg = Release|Any CPU
		{AC1511F4-6F71-4CCD-95CF-EA168E2C4D38}.Release 2.0|Mixed Platforms.Build.0 = Release|Any CPU
		{AC1511F4-6F71-4CCD-95CF-EA168E2C4D38}.Release 2.0|Mixed Platforms.Deploy.0 = Release|Any CPU
		{AC1511F4-6F71-4CCD-95CF-EA168E2C4D38}.Release 2.0|x86.ActiveCfg = Release|Any CPU
		{AC1511F4-6F71-4CCD-95CF-EA168E2C4D38}.Release|Any CPU.ActiveCfg = Release|Any CPU
		{AC1511F4-6F71-4CCD-95CF-EA168E2C4D38}.Release|Any CPU.Build.0 = Release|Any CPU
		{AC1511F4-6F71-4CCD-95CF-EA168E2C4D38}.Release|Any CPU.Deploy.0 = Release|Any CPU
		{AC1511F4-6F71-4CCD-95CF-EA168E2C4D38}.Release|Mixed Platforms.ActiveCfg = Release|Any CPU
		{AC1511F4-6F71-4CCD-95CF-EA168E2C4D38}.Release|Mixed Platforms.Build.0 = Release|Any CPU
		{AC1511F4-6F71-4CCD-95CF-EA168E2C4D38}.Release|Mixed Platforms.Deploy.0 = Release|Any CPU
		{AC1511F4-6F71-4CCD-95CF-EA168E2C4D38}.Release|x86.ActiveCfg = Release|Any CPU
		{AC1511F4-6F71-4CCD-95CF-EA168E2C4D38}.Timebomb|Any CPU.ActiveCfg = Release|Any CPU
		{AC1511F4-6F71-4CCD-95CF-EA168E2C4D38}.Timebomb|Any CPU.Build.0 = Release|Any CPU
		{AC1511F4-6F71-4CCD-95CF-EA168E2C4D38}.Timebomb|Any CPU.Deploy.0 = Release|Any CPU
		{AC1511F4-6F71-4CCD-95CF-EA168E2C4D38}.Timebomb|Mixed Platforms.ActiveCfg = Release|Any CPU
		{AC1511F4-6F71-4CCD-95CF-EA168E2C4D38}.Timebomb|Mixed Platforms.Build.0 = Release|Any CPU
		{AC1511F4-6F71-4CCD-95CF-EA168E2C4D38}.Timebomb|Mixed Platforms.Deploy.0 = Release|Any CPU
		{AC1511F4-6F71-4CCD-95CF-EA168E2C4D38}.Timebomb|x86.ActiveCfg = Release|Any CPU
		{5670C9CC-2E34-4A55-B8E6-74E3EB60B854}.Debug 2.0|Any CPU.ActiveCfg = Debug|Any CPU
		{5670C9CC-2E34-4A55-B8E6-74E3EB60B854}.Debug 2.0|Any CPU.Build.0 = Debug|Any CPU
		{5670C9CC-2E34-4A55-B8E6-74E3EB60B854}.Debug 2.0|Any CPU.Deploy.0 = Debug|Any CPU
		{5670C9CC-2E34-4A55-B8E6-74E3EB60B854}.Debug 2.0|Mixed Platforms.ActiveCfg = Debug|Any CPU
		{5670C9CC-2E34-4A55-B8E6-74E3EB60B854}.Debug 2.0|Mixed Platforms.Build.0 = Debug|Any CPU
		{5670C9CC-2E34-4A55-B8E6-74E3EB60B854}.Debug 2.0|Mixed Platforms.Deploy.0 = Debug|Any CPU
		{5670C9CC-2E34-4A55-B8E6-74E3EB60B854}.Debug 2.0|x86.ActiveCfg = Debug|Any CPU
		{5670C9CC-2E34-4A55-B8E6-74E3EB60B854}.Debug|Any CPU.ActiveCfg = Debug|Any CPU
		{5670C9CC-2E34-4A55-B8E6-74E3EB60B854}.Debug|Any CPU.Build.0 = Debug|Any CPU
		{5670C9CC-2E34-4A55-B8E6-74E3EB60B854}.Debug|Any CPU.Deploy.0 = Debug|Any CPU
		{5670C9CC-2E34-4A55-B8E6-74E3EB60B854}.Debug|Mixed Platforms.ActiveCfg = Debug|Any CPU
		{5670C9CC-2E34-4A55-B8E6-74E3EB60B854}.Debug|Mixed Platforms.Build.0 = Debug|Any CPU
		{5670C9CC-2E34-4A55-B8E6-74E3EB60B854}.Debug|Mixed Platforms.Deploy.0 = Debug|Any CPU
		{5670C9CC-2E34-4A55-B8E6-74E3EB60B854}.Debug|x86.ActiveCfg = Debug|Any CPU
		{5670C9CC-2E34-4A55-B8E6-74E3EB60B854}.IntegrationTestDebug|Any CPU.ActiveCfg = Debug|Any CPU
		{5670C9CC-2E34-4A55-B8E6-74E3EB60B854}.IntegrationTestDebug|Any CPU.Build.0 = Debug|Any CPU
		{5670C9CC-2E34-4A55-B8E6-74E3EB60B854}.IntegrationTestDebug|Any CPU.Deploy.0 = Debug|Any CPU
		{5670C9CC-2E34-4A55-B8E6-74E3EB60B854}.IntegrationTestDebug|Mixed Platforms.ActiveCfg = Debug|Any CPU
		{5670C9CC-2E34-4A55-B8E6-74E3EB60B854}.IntegrationTestDebug|Mixed Platforms.Build.0 = Debug|Any CPU
		{5670C9CC-2E34-4A55-B8E6-74E3EB60B854}.IntegrationTestDebug|Mixed Platforms.Deploy.0 = Debug|Any CPU
		{5670C9CC-2E34-4A55-B8E6-74E3EB60B854}.IntegrationTestDebug|x86.ActiveCfg = Debug|Any CPU
		{5670C9CC-2E34-4A55-B8E6-74E3EB60B854}.IntegrationTestRelease|Any CPU.ActiveCfg = Release|Any CPU
		{5670C9CC-2E34-4A55-B8E6-74E3EB60B854}.IntegrationTestRelease|Any CPU.Build.0 = Release|Any CPU
		{5670C9CC-2E34-4A55-B8E6-74E3EB60B854}.IntegrationTestRelease|Any CPU.Deploy.0 = Release|Any CPU
		{5670C9CC-2E34-4A55-B8E6-74E3EB60B854}.IntegrationTestRelease|Mixed Platforms.ActiveCfg = Release|Any CPU
		{5670C9CC-2E34-4A55-B8E6-74E3EB60B854}.IntegrationTestRelease|Mixed Platforms.Build.0 = Release|Any CPU
		{5670C9CC-2E34-4A55-B8E6-74E3EB60B854}.IntegrationTestRelease|Mixed Platforms.Deploy.0 = Release|Any CPU
		{5670C9CC-2E34-4A55-B8E6-74E3EB60B854}.IntegrationTestRelease|x86.ActiveCfg = Release|Any CPU
		{5670C9CC-2E34-4A55-B8E6-74E3EB60B854}.NDoc|Any CPU.ActiveCfg = Release|Any CPU
		{5670C9CC-2E34-4A55-B8E6-74E3EB60B854}.NDoc|Any CPU.Build.0 = Release|Any CPU
		{5670C9CC-2E34-4A55-B8E6-74E3EB60B854}.NDoc|Any CPU.Deploy.0 = Release|Any CPU
		{5670C9CC-2E34-4A55-B8E6-74E3EB60B854}.NDoc|Mixed Platforms.ActiveCfg = Release|Any CPU
		{5670C9CC-2E34-4A55-B8E6-74E3EB60B854}.NDoc|Mixed Platforms.Build.0 = Release|Any CPU
		{5670C9CC-2E34-4A55-B8E6-74E3EB60B854}.NDoc|Mixed Platforms.Deploy.0 = Release|Any CPU
		{5670C9CC-2E34-4A55-B8E6-74E3EB60B854}.NDoc|x86.ActiveCfg = Release|Any CPU
		{5670C9CC-2E34-4A55-B8E6-74E3EB60B854}.Release 2.0|Any CPU.ActiveCfg = Release|Any CPU
		{5670C9CC-2E34-4A55-B8E6-74E3EB60B854}.Release 2.0|Any CPU.Build.0 = Release|Any CPU
		{5670C9CC-2E34-4A55-B8E6-74E3EB60B854}.Release 2.0|Any CPU.Deploy.0 = Release|Any CPU
		{5670C9CC-2E34-4A55-B8E6-74E3EB60B854}.Release 2.0|Mixed Platforms.ActiveCfg = Release|Any CPU
		{5670C9CC-2E34-4A55-B8E6-74E3EB60B854}.Release 2.0|Mixed Platforms.Build.0 = Release|Any CPU
		{5670C9CC-2E34-4A55-B8E6-74E3EB60B854}.Release 2.0|Mixed Platforms.Deploy.0 = Release|Any CPU
		{5670C9CC-2E34-4A55-B8E6-74E3EB60B854}.Release 2.0|x86.ActiveCfg = Release|Any CPU
		{5670C9CC-2E34-4A55-B8E6-74E3EB60B854}.Release|Any CPU.ActiveCfg = Release|Any CPU
		{5670C9CC-2E34-4A55-B8E6-74E3EB60B854}.Release|Any CPU.Build.0 = Release|Any CPU
		{5670C9CC-2E34-4A55-B8E6-74E3EB60B854}.Release|Any CPU.Deploy.0 = Release|Any CPU
		{5670C9CC-2E34-4A55-B8E6-74E3EB60B854}.Release|Mixed Platforms.ActiveCfg = Release|Any CPU
		{5670C9CC-2E34-4A55-B8E6-74E3EB60B854}.Release|Mixed Platforms.Build.0 = Release|Any CPU
		{5670C9CC-2E34-4A55-B8E6-74E3EB60B854}.Release|Mixed Platforms.Deploy.0 = Release|Any CPU
		{5670C9CC-2E34-4A55-B8E6-74E3EB60B854}.Release|x86.ActiveCfg = Release|Any CPU
		{5670C9CC-2E34-4A55-B8E6-74E3EB60B854}.Timebomb|Any CPU.ActiveCfg = Release|Any CPU
		{5670C9CC-2E34-4A55-B8E6-74E3EB60B854}.Timebomb|Any CPU.Build.0 = Release|Any CPU
		{5670C9CC-2E34-4A55-B8E6-74E3EB60B854}.Timebomb|Any CPU.Deploy.0 = Release|Any CPU
		{5670C9CC-2E34-4A55-B8E6-74E3EB60B854}.Timebomb|Mixed Platforms.ActiveCfg = Release|Any CPU
		{5670C9CC-2E34-4A55-B8E6-74E3EB60B854}.Timebomb|Mixed Platforms.Build.0 = Release|Any CPU
		{5670C9CC-2E34-4A55-B8E6-74E3EB60B854}.Timebomb|Mixed Platforms.Deploy.0 = Release|Any CPU
		{5670C9CC-2E34-4A55-B8E6-74E3EB60B854}.Timebomb|x86.ActiveCfg = Release|Any CPU
		{EBE5EC03-F9AC-42F4-B46B-AAC9E2DE6FA3}.Debug 2.0|Any CPU.ActiveCfg = Debug|Any CPU
		{EBE5EC03-F9AC-42F4-B46B-AAC9E2DE6FA3}.Debug 2.0|Any CPU.Build.0 = Debug|Any CPU
		{EBE5EC03-F9AC-42F4-B46B-AAC9E2DE6FA3}.Debug 2.0|Mixed Platforms.ActiveCfg = Debug|Any CPU
		{EBE5EC03-F9AC-42F4-B46B-AAC9E2DE6FA3}.Debug 2.0|Mixed Platforms.Build.0 = Debug|Any CPU
		{EBE5EC03-F9AC-42F4-B46B-AAC9E2DE6FA3}.Debug 2.0|x86.ActiveCfg = Debug|Any CPU
		{EBE5EC03-F9AC-42F4-B46B-AAC9E2DE6FA3}.Debug|Any CPU.ActiveCfg = Debug|Any CPU
		{EBE5EC03-F9AC-42F4-B46B-AAC9E2DE6FA3}.Debug|Any CPU.Build.0 = Debug|Any CPU
		{EBE5EC03-F9AC-42F4-B46B-AAC9E2DE6FA3}.Debug|Mixed Platforms.ActiveCfg = Debug|Any CPU
		{EBE5EC03-F9AC-42F4-B46B-AAC9E2DE6FA3}.Debug|Mixed Platforms.Build.0 = Debug|Any CPU
		{EBE5EC03-F9AC-42F4-B46B-AAC9E2DE6FA3}.Debug|x86.ActiveCfg = Debug|Any CPU
		{EBE5EC03-F9AC-42F4-B46B-AAC9E2DE6FA3}.IntegrationTestDebug|Any CPU.ActiveCfg = Debug|Any CPU
		{EBE5EC03-F9AC-42F4-B46B-AAC9E2DE6FA3}.IntegrationTestDebug|Any CPU.Build.0 = Debug|Any CPU
		{EBE5EC03-F9AC-42F4-B46B-AAC9E2DE6FA3}.IntegrationTestDebug|Mixed Platforms.ActiveCfg = Debug|Any CPU
		{EBE5EC03-F9AC-42F4-B46B-AAC9E2DE6FA3}.IntegrationTestDebug|Mixed Platforms.Build.0 = Debug|Any CPU
		{EBE5EC03-F9AC-42F4-B46B-AAC9E2DE6FA3}.IntegrationTestDebug|x86.ActiveCfg = Debug|Any CPU
		{EBE5EC03-F9AC-42F4-B46B-AAC9E2DE6FA3}.IntegrationTestRelease|Any CPU.ActiveCfg = Release|Any CPU
		{EBE5EC03-F9AC-42F4-B46B-AAC9E2DE6FA3}.IntegrationTestRelease|Any CPU.Build.0 = Release|Any CPU
		{EBE5EC03-F9AC-42F4-B46B-AAC9E2DE6FA3}.IntegrationTestRelease|Mixed Platforms.ActiveCfg = Release|Any CPU
		{EBE5EC03-F9AC-42F4-B46B-AAC9E2DE6FA3}.IntegrationTestRelease|Mixed Platforms.Build.0 = Release|Any CPU
		{EBE5EC03-F9AC-42F4-B46B-AAC9E2DE6FA3}.IntegrationTestRelease|x86.ActiveCfg = Release|Any CPU
		{EBE5EC03-F9AC-42F4-B46B-AAC9E2DE6FA3}.NDoc|Any CPU.ActiveCfg = Release|Any CPU
		{EBE5EC03-F9AC-42F4-B46B-AAC9E2DE6FA3}.NDoc|Any CPU.Build.0 = Release|Any CPU
		{EBE5EC03-F9AC-42F4-B46B-AAC9E2DE6FA3}.NDoc|Mixed Platforms.ActiveCfg = Release|Any CPU
		{EBE5EC03-F9AC-42F4-B46B-AAC9E2DE6FA3}.NDoc|Mixed Platforms.Build.0 = Release|Any CPU
		{EBE5EC03-F9AC-42F4-B46B-AAC9E2DE6FA3}.NDoc|x86.ActiveCfg = Release|Any CPU
		{EBE5EC03-F9AC-42F4-B46B-AAC9E2DE6FA3}.Release 2.0|Any CPU.ActiveCfg = Release|Any CPU
		{EBE5EC03-F9AC-42F4-B46B-AAC9E2DE6FA3}.Release 2.0|Any CPU.Build.0 = Release|Any CPU
		{EBE5EC03-F9AC-42F4-B46B-AAC9E2DE6FA3}.Release 2.0|Mixed Platforms.ActiveCfg = Release|Any CPU
		{EBE5EC03-F9AC-42F4-B46B-AAC9E2DE6FA3}.Release 2.0|Mixed Platforms.Build.0 = Release|Any CPU
		{EBE5EC03-F9AC-42F4-B46B-AAC9E2DE6FA3}.Release 2.0|x86.ActiveCfg = Release|Any CPU
		{EBE5EC03-F9AC-42F4-B46B-AAC9E2DE6FA3}.Release|Any CPU.ActiveCfg = Release|Any CPU
		{EBE5EC03-F9AC-42F4-B46B-AAC9E2DE6FA3}.Release|Any CPU.Build.0 = Release|Any CPU
		{EBE5EC03-F9AC-42F4-B46B-AAC9E2DE6FA3}.Release|Mixed Platforms.ActiveCfg = Release|Any CPU
		{EBE5EC03-F9AC-42F4-B46B-AAC9E2DE6FA3}.Release|Mixed Platforms.Build.0 = Release|Any CPU
		{EBE5EC03-F9AC-42F4-B46B-AAC9E2DE6FA3}.Release|x86.ActiveCfg = Release|Any CPU
		{EBE5EC03-F9AC-42F4-B46B-AAC9E2DE6FA3}.Timebomb|Any CPU.ActiveCfg = Release|Any CPU
		{EBE5EC03-F9AC-42F4-B46B-AAC9E2DE6FA3}.Timebomb|Any CPU.Build.0 = Release|Any CPU
		{EBE5EC03-F9AC-42F4-B46B-AAC9E2DE6FA3}.Timebomb|Mixed Platforms.ActiveCfg = Release|Any CPU
		{EBE5EC03-F9AC-42F4-B46B-AAC9E2DE6FA3}.Timebomb|Mixed Platforms.Build.0 = Release|Any CPU
		{EBE5EC03-F9AC-42F4-B46B-AAC9E2DE6FA3}.Timebomb|x86.ActiveCfg = Release|Any CPU
		{181FE707-E161-4722-9F38-6AAAB6FAA106}.Debug 2.0|Any CPU.ActiveCfg = Debug|Any CPU
		{181FE707-E161-4722-9F38-6AAAB6FAA106}.Debug 2.0|Any CPU.Build.0 = Debug|Any CPU
		{181FE707-E161-4722-9F38-6AAAB6FAA106}.Debug 2.0|Mixed Platforms.ActiveCfg = Debug|Any CPU
		{181FE707-E161-4722-9F38-6AAAB6FAA106}.Debug 2.0|Mixed Platforms.Build.0 = Debug|Any CPU
		{181FE707-E161-4722-9F38-6AAAB6FAA106}.Debug 2.0|x86.ActiveCfg = Debug|Any CPU
		{181FE707-E161-4722-9F38-6AAAB6FAA106}.Debug|Any CPU.ActiveCfg = Debug|Any CPU
		{181FE707-E161-4722-9F38-6AAAB6FAA106}.Debug|Any CPU.Build.0 = Debug|Any CPU
		{181FE707-E161-4722-9F38-6AAAB6FAA106}.Debug|Mixed Platforms.ActiveCfg = Debug|Any CPU
		{181FE707-E161-4722-9F38-6AAAB6FAA106}.Debug|Mixed Platforms.Build.0 = Debug|Any CPU
		{181FE707-E161-4722-9F38-6AAAB6FAA106}.Debug|x86.ActiveCfg = Debug|Any CPU
		{181FE707-E161-4722-9F38-6AAAB6FAA106}.IntegrationTestDebug|Any CPU.ActiveCfg = Debug|Any CPU
		{181FE707-E161-4722-9F38-6AAAB6FAA106}.IntegrationTestDebug|Any CPU.Build.0 = Debug|Any CPU
		{181FE707-E161-4722-9F38-6AAAB6FAA106}.IntegrationTestDebug|Mixed Platforms.ActiveCfg = Debug|Any CPU
		{181FE707-E161-4722-9F38-6AAAB6FAA106}.IntegrationTestDebug|Mixed Platforms.Build.0 = Debug|Any CPU
		{181FE707-E161-4722-9F38-6AAAB6FAA106}.IntegrationTestDebug|x86.ActiveCfg = Debug|Any CPU
		{181FE707-E161-4722-9F38-6AAAB6FAA106}.IntegrationTestRelease|Any CPU.ActiveCfg = Release|Any CPU
		{181FE707-E161-4722-9F38-6AAAB6FAA106}.IntegrationTestRelease|Any CPU.Build.0 = Release|Any CPU
		{181FE707-E161-4722-9F38-6AAAB6FAA106}.IntegrationTestRelease|Mixed Platforms.ActiveCfg = Release|Any CPU
		{181FE707-E161-4722-9F38-6AAAB6FAA106}.IntegrationTestRelease|Mixed Platforms.Build.0 = Release|Any CPU
		{181FE707-E161-4722-9F38-6AAAB6FAA106}.IntegrationTestRelease|x86.ActiveCfg = Release|Any CPU
		{181FE707-E161-4722-9F38-6AAAB6FAA106}.NDoc|Any CPU.ActiveCfg = Release|Any CPU
		{181FE707-E161-4722-9F38-6AAAB6FAA106}.NDoc|Any CPU.Build.0 = Release|Any CPU
		{181FE707-E161-4722-9F38-6AAAB6FAA106}.NDoc|Mixed Platforms.ActiveCfg = Release|Any CPU
		{181FE707-E161-4722-9F38-6AAAB6FAA106}.NDoc|Mixed Platforms.Build.0 = Release|Any CPU
		{181FE707-E161-4722-9F38-6AAAB6FAA106}.NDoc|x86.ActiveCfg = Release|Any CPU
		{181FE707-E161-4722-9F38-6AAAB6FAA106}.Release 2.0|Any CPU.ActiveCfg = Release|Any CPU
		{181FE707-E161-4722-9F38-6AAAB6FAA106}.Release 2.0|Any CPU.Build.0 = Release|Any CPU
		{181FE707-E161-4722-9F38-6AAAB6FAA106}.Release 2.0|Mixed Platforms.ActiveCfg = Release|Any CPU
		{181FE707-E161-4722-9F38-6AAAB6FAA106}.Release 2.0|Mixed Platforms.Build.0 = Release|Any CPU
		{181FE707-E161-4722-9F38-6AAAB6FAA106}.Release 2.0|x86.ActiveCfg = Release|Any CPU
		{181FE707-E161-4722-9F38-6AAAB6FAA106}.Release|Any CPU.ActiveCfg = Release|Any CPU
		{181FE707-E161-4722-9F38-6AAAB6FAA106}.Release|Any CPU.Build.0 = Release|Any CPU
		{181FE707-E161-4722-9F38-6AAAB6FAA106}.Release|Mixed Platforms.ActiveCfg = Release|Any CPU
		{181FE707-E161-4722-9F38-6AAAB6FAA106}.Release|Mixed Platforms.Build.0 = Release|Any CPU
		{181FE707-E161-4722-9F38-6AAAB6FAA106}.Release|x86.ActiveCfg = Release|Any CPU
		{181FE707-E161-4722-9F38-6AAAB6FAA106}.Timebomb|Any CPU.ActiveCfg = Release|Any CPU
		{181FE707-E161-4722-9F38-6AAAB6FAA106}.Timebomb|Any CPU.Build.0 = Release|Any CPU
		{181FE707-E161-4722-9F38-6AAAB6FAA106}.Timebomb|Mixed Platforms.ActiveCfg = Release|Any CPU
		{181FE707-E161-4722-9F38-6AAAB6FAA106}.Timebomb|Mixed Platforms.Build.0 = Release|Any CPU
		{181FE707-E161-4722-9F38-6AAAB6FAA106}.Timebomb|x86.ActiveCfg = Release|Any CPU
		{9B624ADB-ACDE-4F23-B712-B3170B91020F}.Debug 2.0|Any CPU.ActiveCfg = Debug|Any CPU
		{9B624ADB-ACDE-4F23-B712-B3170B91020F}.Debug 2.0|Any CPU.Build.0 = Debug|Any CPU
		{9B624ADB-ACDE-4F23-B712-B3170B91020F}.Debug 2.0|Any CPU.Deploy.0 = Debug|Any CPU
		{9B624ADB-ACDE-4F23-B712-B3170B91020F}.Debug 2.0|Mixed Platforms.ActiveCfg = Debug|Any CPU
		{9B624ADB-ACDE-4F23-B712-B3170B91020F}.Debug 2.0|Mixed Platforms.Build.0 = Debug|Any CPU
		{9B624ADB-ACDE-4F23-B712-B3170B91020F}.Debug 2.0|Mixed Platforms.Deploy.0 = Debug|Any CPU
		{9B624ADB-ACDE-4F23-B712-B3170B91020F}.Debug 2.0|x86.ActiveCfg = Debug|Any CPU
		{9B624ADB-ACDE-4F23-B712-B3170B91020F}.Debug|Any CPU.ActiveCfg = Debug|Any CPU
		{9B624ADB-ACDE-4F23-B712-B3170B91020F}.Debug|Any CPU.Build.0 = Debug|Any CPU
		{9B624ADB-ACDE-4F23-B712-B3170B91020F}.Debug|Any CPU.Deploy.0 = Debug|Any CPU
		{9B624ADB-ACDE-4F23-B712-B3170B91020F}.Debug|Mixed Platforms.ActiveCfg = Debug|Any CPU
		{9B624ADB-ACDE-4F23-B712-B3170B91020F}.Debug|Mixed Platforms.Build.0 = Debug|Any CPU
		{9B624ADB-ACDE-4F23-B712-B3170B91020F}.Debug|Mixed Platforms.Deploy.0 = Debug|Any CPU
		{9B624ADB-ACDE-4F23-B712-B3170B91020F}.Debug|x86.ActiveCfg = Debug|Any CPU
		{9B624ADB-ACDE-4F23-B712-B3170B91020F}.IntegrationTestDebug|Any CPU.ActiveCfg = Debug|Any CPU
		{9B624ADB-ACDE-4F23-B712-B3170B91020F}.IntegrationTestDebug|Any CPU.Build.0 = Debug|Any CPU
		{9B624ADB-ACDE-4F23-B712-B3170B91020F}.IntegrationTestDebug|Any CPU.Deploy.0 = Debug|Any CPU
		{9B624ADB-ACDE-4F23-B712-B3170B91020F}.IntegrationTestDebug|Mixed Platforms.ActiveCfg = Debug|Any CPU
		{9B624ADB-ACDE-4F23-B712-B3170B91020F}.IntegrationTestDebug|Mixed Platforms.Build.0 = Debug|Any CPU
		{9B624ADB-ACDE-4F23-B712-B3170B91020F}.IntegrationTestDebug|Mixed Platforms.Deploy.0 = Debug|Any CPU
		{9B624ADB-ACDE-4F23-B712-B3170B91020F}.IntegrationTestDebug|x86.ActiveCfg = Debug|Any CPU
		{9B624ADB-ACDE-4F23-B712-B3170B91020F}.IntegrationTestRelease|Any CPU.ActiveCfg = Release|Any CPU
		{9B624ADB-ACDE-4F23-B712-B3170B91020F}.IntegrationTestRelease|Any CPU.Build.0 = Release|Any CPU
		{9B624ADB-ACDE-4F23-B712-B3170B91020F}.IntegrationTestRelease|Any CPU.Deploy.0 = Release|Any CPU
		{9B624ADB-ACDE-4F23-B712-B3170B91020F}.IntegrationTestRelease|Mixed Platforms.ActiveCfg = Release|Any CPU
		{9B624ADB-ACDE-4F23-B712-B3170B91020F}.IntegrationTestRelease|Mixed Platforms.Build.0 = Release|Any CPU
		{9B624ADB-ACDE-4F23-B712-B3170B91020F}.IntegrationTestRelease|Mixed Platforms.Deploy.0 = Release|Any CPU
		{9B624ADB-ACDE-4F23-B712-B3170B91020F}.IntegrationTestRelease|x86.ActiveCfg = Release|Any CPU
		{9B624ADB-ACDE-4F23-B712-B3170B91020F}.NDoc|Any CPU.ActiveCfg = Release|Any CPU
		{9B624ADB-ACDE-4F23-B712-B3170B91020F}.NDoc|Any CPU.Build.0 = Release|Any CPU
		{9B624ADB-ACDE-4F23-B712-B3170B91020F}.NDoc|Any CPU.Deploy.0 = Release|Any CPU
		{9B624ADB-ACDE-4F23-B712-B3170B91020F}.NDoc|Mixed Platforms.ActiveCfg = Release|Any CPU
		{9B624ADB-ACDE-4F23-B712-B3170B91020F}.NDoc|Mixed Platforms.Build.0 = Release|Any CPU
		{9B624ADB-ACDE-4F23-B712-B3170B91020F}.NDoc|Mixed Platforms.Deploy.0 = Release|Any CPU
		{9B624ADB-ACDE-4F23-B712-B3170B91020F}.NDoc|x86.ActiveCfg = Release|Any CPU
		{9B624ADB-ACDE-4F23-B712-B3170B91020F}.Release 2.0|Any CPU.ActiveCfg = Release|Any CPU
		{9B624ADB-ACDE-4F23-B712-B3170B91020F}.Release 2.0|Any CPU.Build.0 = Release|Any CPU
		{9B624ADB-ACDE-4F23-B712-B3170B91020F}.Release 2.0|Any CPU.Deploy.0 = Release|Any CPU
		{9B624ADB-ACDE-4F23-B712-B3170B91020F}.Release 2.0|Mixed Platforms.ActiveCfg = Release|Any CPU
		{9B624ADB-ACDE-4F23-B712-B3170B91020F}.Release 2.0|Mixed Platforms.Build.0 = Release|Any CPU
		{9B624ADB-ACDE-4F23-B712-B3170B91020F}.Release 2.0|Mixed Platforms.Deploy.0 = Release|Any CPU
		{9B624ADB-ACDE-4F23-B712-B3170B91020F}.Release 2.0|x86.ActiveCfg = Release|Any CPU
		{9B624ADB-ACDE-4F23-B712-B3170B91020F}.Release|Any CPU.ActiveCfg = Release|Any CPU
		{9B624ADB-ACDE-4F23-B712-B3170B91020F}.Release|Any CPU.Build.0 = Release|Any CPU
		{9B624ADB-ACDE-4F23-B712-B3170B91020F}.Release|Any CPU.Deploy.0 = Release|Any CPU
		{9B624ADB-ACDE-4F23-B712-B3170B91020F}.Release|Mixed Platforms.ActiveCfg = Release|Any CPU
		{9B624ADB-ACDE-4F23-B712-B3170B91020F}.Release|Mixed Platforms.Build.0 = Release|Any CPU
		{9B624ADB-ACDE-4F23-B712-B3170B91020F}.Release|Mixed Platforms.Deploy.0 = Release|Any CPU
		{9B624ADB-ACDE-4F23-B712-B3170B91020F}.Release|x86.ActiveCfg = Release|Any CPU
		{9B624ADB-ACDE-4F23-B712-B3170B91020F}.Timebomb|Any CPU.ActiveCfg = Release|Any CPU
		{9B624ADB-ACDE-4F23-B712-B3170B91020F}.Timebomb|Any CPU.Build.0 = Release|Any CPU
		{9B624ADB-ACDE-4F23-B712-B3170B91020F}.Timebomb|Any CPU.Deploy.0 = Release|Any CPU
		{9B624ADB-ACDE-4F23-B712-B3170B91020F}.Timebomb|Mixed Platforms.ActiveCfg = Release|Any CPU
		{9B624ADB-ACDE-4F23-B712-B3170B91020F}.Timebomb|Mixed Platforms.Build.0 = Release|Any CPU
		{9B624ADB-ACDE-4F23-B712-B3170B91020F}.Timebomb|Mixed Platforms.Deploy.0 = Release|Any CPU
		{9B624ADB-ACDE-4F23-B712-B3170B91020F}.Timebomb|x86.ActiveCfg = Release|Any CPU
		{BE1EA868-B368-460F-9FC4-2DF35863AF6F}.Debug 2.0|Any CPU.ActiveCfg = Debug|Any CPU
		{BE1EA868-B368-460F-9FC4-2DF35863AF6F}.Debug 2.0|Any CPU.Build.0 = Debug|Any CPU
		{BE1EA868-B368-460F-9FC4-2DF35863AF6F}.Debug 2.0|Mixed Platforms.ActiveCfg = Debug|Any CPU
		{BE1EA868-B368-460F-9FC4-2DF35863AF6F}.Debug 2.0|Mixed Platforms.Build.0 = Debug|Any CPU
		{BE1EA868-B368-460F-9FC4-2DF35863AF6F}.Debug 2.0|x86.ActiveCfg = Debug|Any CPU
		{BE1EA868-B368-460F-9FC4-2DF35863AF6F}.Debug|Any CPU.ActiveCfg = Debug|Any CPU
		{BE1EA868-B368-460F-9FC4-2DF35863AF6F}.Debug|Any CPU.Build.0 = Debug|Any CPU
		{BE1EA868-B368-460F-9FC4-2DF35863AF6F}.Debug|Mixed Platforms.ActiveCfg = Debug|Any CPU
		{BE1EA868-B368-460F-9FC4-2DF35863AF6F}.Debug|Mixed Platforms.Build.0 = Debug|Any CPU
		{BE1EA868-B368-460F-9FC4-2DF35863AF6F}.Debug|x86.ActiveCfg = Debug|Any CPU
		{BE1EA868-B368-460F-9FC4-2DF35863AF6F}.IntegrationTestDebug|Any CPU.ActiveCfg = Debug|Any CPU
		{BE1EA868-B368-460F-9FC4-2DF35863AF6F}.IntegrationTestDebug|Any CPU.Build.0 = Debug|Any CPU
		{BE1EA868-B368-460F-9FC4-2DF35863AF6F}.IntegrationTestDebug|Mixed Platforms.ActiveCfg = Debug|Any CPU
		{BE1EA868-B368-460F-9FC4-2DF35863AF6F}.IntegrationTestDebug|Mixed Platforms.Build.0 = Debug|Any CPU
		{BE1EA868-B368-460F-9FC4-2DF35863AF6F}.IntegrationTestDebug|x86.ActiveCfg = Debug|Any CPU
		{BE1EA868-B368-460F-9FC4-2DF35863AF6F}.IntegrationTestRelease|Any CPU.ActiveCfg = Release|Any CPU
		{BE1EA868-B368-460F-9FC4-2DF35863AF6F}.IntegrationTestRelease|Any CPU.Build.0 = Release|Any CPU
		{BE1EA868-B368-460F-9FC4-2DF35863AF6F}.IntegrationTestRelease|Mixed Platforms.ActiveCfg = Release|Any CPU
		{BE1EA868-B368-460F-9FC4-2DF35863AF6F}.IntegrationTestRelease|Mixed Platforms.Build.0 = Release|Any CPU
		{BE1EA868-B368-460F-9FC4-2DF35863AF6F}.IntegrationTestRelease|x86.ActiveCfg = Release|Any CPU
		{BE1EA868-B368-460F-9FC4-2DF35863AF6F}.NDoc|Any CPU.ActiveCfg = Release|Any CPU
		{BE1EA868-B368-460F-9FC4-2DF35863AF6F}.NDoc|Any CPU.Build.0 = Release|Any CPU
		{BE1EA868-B368-460F-9FC4-2DF35863AF6F}.NDoc|Mixed Platforms.ActiveCfg = Release|Any CPU
		{BE1EA868-B368-460F-9FC4-2DF35863AF6F}.NDoc|Mixed Platforms.Build.0 = Release|Any CPU
		{BE1EA868-B368-460F-9FC4-2DF35863AF6F}.NDoc|x86.ActiveCfg = Release|Any CPU
		{BE1EA868-B368-460F-9FC4-2DF35863AF6F}.Release 2.0|Any CPU.ActiveCfg = Release|Any CPU
		{BE1EA868-B368-460F-9FC4-2DF35863AF6F}.Release 2.0|Any CPU.Build.0 = Release|Any CPU
		{BE1EA868-B368-460F-9FC4-2DF35863AF6F}.Release 2.0|Mixed Platforms.ActiveCfg = Release|Any CPU
		{BE1EA868-B368-460F-9FC4-2DF35863AF6F}.Release 2.0|Mixed Platforms.Build.0 = Release|Any CPU
		{BE1EA868-B368-460F-9FC4-2DF35863AF6F}.Release 2.0|x86.ActiveCfg = Release|Any CPU
		{BE1EA868-B368-460F-9FC4-2DF35863AF6F}.Release|Any CPU.ActiveCfg = Release|Any CPU
		{BE1EA868-B368-460F-9FC4-2DF35863AF6F}.Release|Any CPU.Build.0 = Release|Any CPU
		{BE1EA868-B368-460F-9FC4-2DF35863AF6F}.Release|Mixed Platforms.ActiveCfg = Release|Any CPU
		{BE1EA868-B368-460F-9FC4-2DF35863AF6F}.Release|Mixed Platforms.Build.0 = Release|Any CPU
		{BE1EA868-B368-460F-9FC4-2DF35863AF6F}.Release|x86.ActiveCfg = Release|Any CPU
		{BE1EA868-B368-460F-9FC4-2DF35863AF6F}.Timebomb|Any CPU.ActiveCfg = Release|Any CPU
		{BE1EA868-B368-460F-9FC4-2DF35863AF6F}.Timebomb|Any CPU.Build.0 = Release|Any CPU
		{BE1EA868-B368-460F-9FC4-2DF35863AF6F}.Timebomb|Mixed Platforms.ActiveCfg = Release|Any CPU
		{BE1EA868-B368-460F-9FC4-2DF35863AF6F}.Timebomb|Mixed Platforms.Build.0 = Release|Any CPU
		{BE1EA868-B368-460F-9FC4-2DF35863AF6F}.Timebomb|x86.ActiveCfg = Release|Any CPU
		{E2095D96-8EC2-4382-AEEF-55D9DF2325C0}.Debug 2.0|Any CPU.ActiveCfg = Debug|Any CPU
		{E2095D96-8EC2-4382-AEEF-55D9DF2325C0}.Debug 2.0|Any CPU.Build.0 = Debug|Any CPU
		{E2095D96-8EC2-4382-AEEF-55D9DF2325C0}.Debug 2.0|Mixed Platforms.ActiveCfg = Debug|Any CPU
		{E2095D96-8EC2-4382-AEEF-55D9DF2325C0}.Debug 2.0|Mixed Platforms.Build.0 = Debug|Any CPU
		{E2095D96-8EC2-4382-AEEF-55D9DF2325C0}.Debug 2.0|x86.ActiveCfg = Debug|Any CPU
		{E2095D96-8EC2-4382-AEEF-55D9DF2325C0}.Debug|Any CPU.ActiveCfg = Debug|Any CPU
		{E2095D96-8EC2-4382-AEEF-55D9DF2325C0}.Debug|Any CPU.Build.0 = Debug|Any CPU
		{E2095D96-8EC2-4382-AEEF-55D9DF2325C0}.Debug|Mixed Platforms.ActiveCfg = Debug|Any CPU
		{E2095D96-8EC2-4382-AEEF-55D9DF2325C0}.Debug|Mixed Platforms.Build.0 = Debug|Any CPU
		{E2095D96-8EC2-4382-AEEF-55D9DF2325C0}.Debug|x86.ActiveCfg = Debug|Any CPU
		{E2095D96-8EC2-4382-AEEF-55D9DF2325C0}.IntegrationTestDebug|Any CPU.ActiveCfg = Debug|Any CPU
		{E2095D96-8EC2-4382-AEEF-55D9DF2325C0}.IntegrationTestDebug|Any CPU.Build.0 = Debug|Any CPU
		{E2095D96-8EC2-4382-AEEF-55D9DF2325C0}.IntegrationTestDebug|Mixed Platforms.ActiveCfg = Debug|Any CPU
		{E2095D96-8EC2-4382-AEEF-55D9DF2325C0}.IntegrationTestDebug|Mixed Platforms.Build.0 = Debug|Any CPU
		{E2095D96-8EC2-4382-AEEF-55D9DF2325C0}.IntegrationTestDebug|x86.ActiveCfg = Debug|Any CPU
		{E2095D96-8EC2-4382-AEEF-55D9DF2325C0}.IntegrationTestRelease|Any CPU.ActiveCfg = Release|Any CPU
		{E2095D96-8EC2-4382-AEEF-55D9DF2325C0}.IntegrationTestRelease|Any CPU.Build.0 = Release|Any CPU
		{E2095D96-8EC2-4382-AEEF-55D9DF2325C0}.IntegrationTestRelease|Mixed Platforms.ActiveCfg = Release|Any CPU
		{E2095D96-8EC2-4382-AEEF-55D9DF2325C0}.IntegrationTestRelease|Mixed Platforms.Build.0 = Release|Any CPU
		{E2095D96-8EC2-4382-AEEF-55D9DF2325C0}.IntegrationTestRelease|x86.ActiveCfg = Release|Any CPU
		{E2095D96-8EC2-4382-AEEF-55D9DF2325C0}.NDoc|Any CPU.ActiveCfg = Release|Any CPU
		{E2095D96-8EC2-4382-AEEF-55D9DF2325C0}.NDoc|Any CPU.Build.0 = Release|Any CPU
		{E2095D96-8EC2-4382-AEEF-55D9DF2325C0}.NDoc|Mixed Platforms.ActiveCfg = Release|Any CPU
		{E2095D96-8EC2-4382-AEEF-55D9DF2325C0}.NDoc|Mixed Platforms.Build.0 = Release|Any CPU
		{E2095D96-8EC2-4382-AEEF-55D9DF2325C0}.NDoc|x86.ActiveCfg = Release|Any CPU
		{E2095D96-8EC2-4382-AEEF-55D9DF2325C0}.Release 2.0|Any CPU.ActiveCfg = Release|Any CPU
		{E2095D96-8EC2-4382-AEEF-55D9DF2325C0}.Release 2.0|Any CPU.Build.0 = Release|Any CPU
		{E2095D96-8EC2-4382-AEEF-55D9DF2325C0}.Release 2.0|Mixed Platforms.ActiveCfg = Release|Any CPU
		{E2095D96-8EC2-4382-AEEF-55D9DF2325C0}.Release 2.0|Mixed Platforms.Build.0 = Release|Any CPU
		{E2095D96-8EC2-4382-AEEF-55D9DF2325C0}.Release 2.0|x86.ActiveCfg = Release|Any CPU
		{E2095D96-8EC2-4382-AEEF-55D9DF2325C0}.Release|Any CPU.ActiveCfg = Release|Any CPU
		{E2095D96-8EC2-4382-AEEF-55D9DF2325C0}.Release|Any CPU.Build.0 = Release|Any CPU
		{E2095D96-8EC2-4382-AEEF-55D9DF2325C0}.Release|Mixed Platforms.ActiveCfg = Release|Any CPU
		{E2095D96-8EC2-4382-AEEF-55D9DF2325C0}.Release|Mixed Platforms.Build.0 = Release|Any CPU
		{E2095D96-8EC2-4382-AEEF-55D9DF2325C0}.Release|x86.ActiveCfg = Release|Any CPU
		{E2095D96-8EC2-4382-AEEF-55D9DF2325C0}.Timebomb|Any CPU.ActiveCfg = Release|Any CPU
		{E2095D96-8EC2-4382-AEEF-55D9DF2325C0}.Timebomb|Any CPU.Build.0 = Release|Any CPU
		{E2095D96-8EC2-4382-AEEF-55D9DF2325C0}.Timebomb|Mixed Platforms.ActiveCfg = Release|Any CPU
		{E2095D96-8EC2-4382-AEEF-55D9DF2325C0}.Timebomb|Mixed Platforms.Build.0 = Release|Any CPU
		{E2095D96-8EC2-4382-AEEF-55D9DF2325C0}.Timebomb|x86.ActiveCfg = Release|Any CPU
		{ED420160-D2FD-4437-9D28-F10C55E4DB28}.Debug 2.0|Any CPU.ActiveCfg = Debug|Any CPU
		{ED420160-D2FD-4437-9D28-F10C55E4DB28}.Debug 2.0|Any CPU.Build.0 = Debug|Any CPU
		{ED420160-D2FD-4437-9D28-F10C55E4DB28}.Debug 2.0|Mixed Platforms.ActiveCfg = Debug|Any CPU
		{ED420160-D2FD-4437-9D28-F10C55E4DB28}.Debug 2.0|Mixed Platforms.Build.0 = Debug|Any CPU
		{ED420160-D2FD-4437-9D28-F10C55E4DB28}.Debug 2.0|x86.ActiveCfg = Debug|Any CPU
		{ED420160-D2FD-4437-9D28-F10C55E4DB28}.Debug|Any CPU.ActiveCfg = Debug|Any CPU
		{ED420160-D2FD-4437-9D28-F10C55E4DB28}.Debug|Any CPU.Build.0 = Debug|Any CPU
		{ED420160-D2FD-4437-9D28-F10C55E4DB28}.Debug|Mixed Platforms.ActiveCfg = Debug|Any CPU
		{ED420160-D2FD-4437-9D28-F10C55E4DB28}.Debug|Mixed Platforms.Build.0 = Debug|Any CPU
		{ED420160-D2FD-4437-9D28-F10C55E4DB28}.Debug|x86.ActiveCfg = Debug|Any CPU
		{ED420160-D2FD-4437-9D28-F10C55E4DB28}.IntegrationTestDebug|Any CPU.ActiveCfg = IntegrationTestDebug|Any CPU
		{ED420160-D2FD-4437-9D28-F10C55E4DB28}.IntegrationTestDebug|Any CPU.Build.0 = IntegrationTestDebug|Any CPU
		{ED420160-D2FD-4437-9D28-F10C55E4DB28}.IntegrationTestDebug|Mixed Platforms.ActiveCfg = IntegrationTestDebug|Any CPU
		{ED420160-D2FD-4437-9D28-F10C55E4DB28}.IntegrationTestDebug|Mixed Platforms.Build.0 = IntegrationTestDebug|Any CPU
		{ED420160-D2FD-4437-9D28-F10C55E4DB28}.IntegrationTestDebug|x86.ActiveCfg = IntegrationTestDebug|Any CPU
		{ED420160-D2FD-4437-9D28-F10C55E4DB28}.IntegrationTestRelease|Any CPU.ActiveCfg = IntegrationTestRelease|Any CPU
		{ED420160-D2FD-4437-9D28-F10C55E4DB28}.IntegrationTestRelease|Any CPU.Build.0 = IntegrationTestRelease|Any CPU
		{ED420160-D2FD-4437-9D28-F10C55E4DB28}.IntegrationTestRelease|Mixed Platforms.ActiveCfg = IntegrationTestRelease|Any CPU
		{ED420160-D2FD-4437-9D28-F10C55E4DB28}.IntegrationTestRelease|Mixed Platforms.Build.0 = IntegrationTestRelease|Any CPU
		{ED420160-D2FD-4437-9D28-F10C55E4DB28}.IntegrationTestRelease|x86.ActiveCfg = IntegrationTestRelease|Any CPU
		{ED420160-D2FD-4437-9D28-F10C55E4DB28}.NDoc|Any CPU.ActiveCfg = NDoc|Any CPU
		{ED420160-D2FD-4437-9D28-F10C55E4DB28}.NDoc|Any CPU.Build.0 = NDoc|Any CPU
		{ED420160-D2FD-4437-9D28-F10C55E4DB28}.NDoc|Mixed Platforms.ActiveCfg = NDoc|Any CPU
		{ED420160-D2FD-4437-9D28-F10C55E4DB28}.NDoc|Mixed Platforms.Build.0 = NDoc|Any CPU
		{ED420160-D2FD-4437-9D28-F10C55E4DB28}.NDoc|x86.ActiveCfg = NDoc|Any CPU
		{ED420160-D2FD-4437-9D28-F10C55E4DB28}.Release 2.0|Any CPU.ActiveCfg = Release|Any CPU
		{ED420160-D2FD-4437-9D28-F10C55E4DB28}.Release 2.0|Any CPU.Build.0 = Release|Any CPU
		{ED420160-D2FD-4437-9D28-F10C55E4DB28}.Release 2.0|Mixed Platforms.ActiveCfg = Release|Any CPU
		{ED420160-D2FD-4437-9D28-F10C55E4DB28}.Release 2.0|Mixed Platforms.Build.0 = Release|Any CPU
		{ED420160-D2FD-4437-9D28-F10C55E4DB28}.Release 2.0|x86.ActiveCfg = Release|Any CPU
		{ED420160-D2FD-4437-9D28-F10C55E4DB28}.Release|Any CPU.ActiveCfg = Release|Any CPU
		{ED420160-D2FD-4437-9D28-F10C55E4DB28}.Release|Any CPU.Build.0 = Release|Any CPU
		{ED420160-D2FD-4437-9D28-F10C55E4DB28}.Release|Mixed Platforms.ActiveCfg = Release|Any CPU
		{ED420160-D2FD-4437-9D28-F10C55E4DB28}.Release|Mixed Platforms.Build.0 = Release|Any CPU
		{ED420160-D2FD-4437-9D28-F10C55E4DB28}.Release|x86.ActiveCfg = Release|Any CPU
		{ED420160-D2FD-4437-9D28-F10C55E4DB28}.Timebomb|Any CPU.ActiveCfg = IntegrationTestRelease|Any CPU
		{ED420160-D2FD-4437-9D28-F10C55E4DB28}.Timebomb|Any CPU.Build.0 = IntegrationTestRelease|Any CPU
		{ED420160-D2FD-4437-9D28-F10C55E4DB28}.Timebomb|Mixed Platforms.ActiveCfg = IntegrationTestRelease|Any CPU
		{ED420160-D2FD-4437-9D28-F10C55E4DB28}.Timebomb|Mixed Platforms.Build.0 = IntegrationTestRelease|Any CPU
		{ED420160-D2FD-4437-9D28-F10C55E4DB28}.Timebomb|x86.ActiveCfg = IntegrationTestRelease|Any CPU
		{C9C83714-D202-49D3-9033-73FC3E88691B}.Debug 2.0|Any CPU.ActiveCfg = Debug|Any CPU
		{C9C83714-D202-49D3-9033-73FC3E88691B}.Debug 2.0|Any CPU.Build.0 = Debug|Any CPU
		{C9C83714-D202-49D3-9033-73FC3E88691B}.Debug 2.0|Mixed Platforms.ActiveCfg = Debug|Any CPU
		{C9C83714-D202-49D3-9033-73FC3E88691B}.Debug 2.0|Mixed Platforms.Build.0 = Debug|Any CPU
		{C9C83714-D202-49D3-9033-73FC3E88691B}.Debug 2.0|x86.ActiveCfg = Debug|Any CPU
		{C9C83714-D202-49D3-9033-73FC3E88691B}.Debug|Any CPU.ActiveCfg = Debug|Any CPU
		{C9C83714-D202-49D3-9033-73FC3E88691B}.Debug|Any CPU.Build.0 = Debug|Any CPU
		{C9C83714-D202-49D3-9033-73FC3E88691B}.Debug|Mixed Platforms.ActiveCfg = Debug|Any CPU
		{C9C83714-D202-49D3-9033-73FC3E88691B}.Debug|Mixed Platforms.Build.0 = Debug|Any CPU
		{C9C83714-D202-49D3-9033-73FC3E88691B}.Debug|x86.ActiveCfg = Debug|Any CPU
		{C9C83714-D202-49D3-9033-73FC3E88691B}.IntegrationTestDebug|Any CPU.ActiveCfg = IntegrationTestDebug|Any CPU
		{C9C83714-D202-49D3-9033-73FC3E88691B}.IntegrationTestDebug|Any CPU.Build.0 = IntegrationTestDebug|Any CPU
		{C9C83714-D202-49D3-9033-73FC3E88691B}.IntegrationTestDebug|Mixed Platforms.ActiveCfg = IntegrationTestDebug|Any CPU
		{C9C83714-D202-49D3-9033-73FC3E88691B}.IntegrationTestDebug|Mixed Platforms.Build.0 = IntegrationTestDebug|Any CPU
		{C9C83714-D202-49D3-9033-73FC3E88691B}.IntegrationTestDebug|x86.ActiveCfg = IntegrationTestDebug|Any CPU
		{C9C83714-D202-49D3-9033-73FC3E88691B}.IntegrationTestRelease|Any CPU.ActiveCfg = IntegrationTestRelease|Any CPU
		{C9C83714-D202-49D3-9033-73FC3E88691B}.IntegrationTestRelease|Any CPU.Build.0 = IntegrationTestRelease|Any CPU
		{C9C83714-D202-49D3-9033-73FC3E88691B}.IntegrationTestRelease|Mixed Platforms.ActiveCfg = IntegrationTestRelease|Any CPU
		{C9C83714-D202-49D3-9033-73FC3E88691B}.IntegrationTestRelease|Mixed Platforms.Build.0 = IntegrationTestRelease|Any CPU
		{C9C83714-D202-49D3-9033-73FC3E88691B}.IntegrationTestRelease|x86.ActiveCfg = IntegrationTestRelease|Any CPU
		{C9C83714-D202-49D3-9033-73FC3E88691B}.NDoc|Any CPU.ActiveCfg = IntegrationTestRelease|Any CPU
		{C9C83714-D202-49D3-9033-73FC3E88691B}.NDoc|Any CPU.Build.0 = IntegrationTestRelease|Any CPU
		{C9C83714-D202-49D3-9033-73FC3E88691B}.NDoc|Mixed Platforms.ActiveCfg = IntegrationTestRelease|Any CPU
		{C9C83714-D202-49D3-9033-73FC3E88691B}.NDoc|Mixed Platforms.Build.0 = IntegrationTestRelease|Any CPU
		{C9C83714-D202-49D3-9033-73FC3E88691B}.NDoc|x86.ActiveCfg = IntegrationTestRelease|Any CPU
		{C9C83714-D202-49D3-9033-73FC3E88691B}.Release 2.0|Any CPU.ActiveCfg = Release|Any CPU
		{C9C83714-D202-49D3-9033-73FC3E88691B}.Release 2.0|Any CPU.Build.0 = Release|Any CPU
		{C9C83714-D202-49D3-9033-73FC3E88691B}.Release 2.0|Mixed Platforms.ActiveCfg = Release|Any CPU
		{C9C83714-D202-49D3-9033-73FC3E88691B}.Release 2.0|Mixed Platforms.Build.0 = Release|Any CPU
		{C9C83714-D202-49D3-9033-73FC3E88691B}.Release 2.0|x86.ActiveCfg = Release|Any CPU
		{C9C83714-D202-49D3-9033-73FC3E88691B}.Release|Any CPU.ActiveCfg = Release|Any CPU
		{C9C83714-D202-49D3-9033-73FC3E88691B}.Release|Any CPU.Build.0 = Release|Any CPU
		{C9C83714-D202-49D3-9033-73FC3E88691B}.Release|Mixed Platforms.ActiveCfg = Release|Any CPU
		{C9C83714-D202-49D3-9033-73FC3E88691B}.Release|Mixed Platforms.Build.0 = Release|Any CPU
		{C9C83714-D202-49D3-9033-73FC3E88691B}.Release|x86.ActiveCfg = Release|Any CPU
		{C9C83714-D202-49D3-9033-73FC3E88691B}.Timebomb|Any CPU.ActiveCfg = Timebomb|Any CPU
		{C9C83714-D202-49D3-9033-73FC3E88691B}.Timebomb|Any CPU.Build.0 = Timebomb|Any CPU
		{C9C83714-D202-49D3-9033-73FC3E88691B}.Timebomb|Mixed Platforms.ActiveCfg = Timebomb|Any CPU
		{C9C83714-D202-49D3-9033-73FC3E88691B}.Timebomb|Mixed Platforms.Build.0 = Timebomb|Any CPU
		{C9C83714-D202-49D3-9033-73FC3E88691B}.Timebomb|x86.ActiveCfg = Timebomb|Any CPU
		{1B629491-168E-4B05-9937-D9679F980E98}.Debug 2.0|Any CPU.ActiveCfg = Debug|Any CPU
		{1B629491-168E-4B05-9937-D9679F980E98}.Debug 2.0|Any CPU.Build.0 = Debug|Any CPU
		{1B629491-168E-4B05-9937-D9679F980E98}.Debug 2.0|Mixed Platforms.ActiveCfg = Debug|Any CPU
		{1B629491-168E-4B05-9937-D9679F980E98}.Debug 2.0|Mixed Platforms.Build.0 = Debug|Any CPU
		{1B629491-168E-4B05-9937-D9679F980E98}.Debug 2.0|x86.ActiveCfg = Debug|Any CPU
		{1B629491-168E-4B05-9937-D9679F980E98}.Debug|Any CPU.ActiveCfg = Debug|Any CPU
		{1B629491-168E-4B05-9937-D9679F980E98}.Debug|Any CPU.Build.0 = Debug|Any CPU
		{1B629491-168E-4B05-9937-D9679F980E98}.Debug|Mixed Platforms.ActiveCfg = Debug|Any CPU
		{1B629491-168E-4B05-9937-D9679F980E98}.Debug|Mixed Platforms.Build.0 = Debug|Any CPU
		{1B629491-168E-4B05-9937-D9679F980E98}.Debug|x86.ActiveCfg = Debug|Any CPU
		{1B629491-168E-4B05-9937-D9679F980E98}.IntegrationTestDebug|Any CPU.ActiveCfg = Debug|Any CPU
		{1B629491-168E-4B05-9937-D9679F980E98}.IntegrationTestDebug|Any CPU.Build.0 = Debug|Any CPU
		{1B629491-168E-4B05-9937-D9679F980E98}.IntegrationTestDebug|Mixed Platforms.ActiveCfg = Debug|Any CPU
		{1B629491-168E-4B05-9937-D9679F980E98}.IntegrationTestDebug|Mixed Platforms.Build.0 = Debug|Any CPU
		{1B629491-168E-4B05-9937-D9679F980E98}.IntegrationTestDebug|x86.ActiveCfg = Debug|Any CPU
		{1B629491-168E-4B05-9937-D9679F980E98}.IntegrationTestRelease|Any CPU.ActiveCfg = Release|Any CPU
		{1B629491-168E-4B05-9937-D9679F980E98}.IntegrationTestRelease|Any CPU.Build.0 = Release|Any CPU
		{1B629491-168E-4B05-9937-D9679F980E98}.IntegrationTestRelease|Mixed Platforms.ActiveCfg = Release|Any CPU
		{1B629491-168E-4B05-9937-D9679F980E98}.IntegrationTestRelease|Mixed Platforms.Build.0 = Release|Any CPU
		{1B629491-168E-4B05-9937-D9679F980E98}.IntegrationTestRelease|x86.ActiveCfg = Release|Any CPU
		{1B629491-168E-4B05-9937-D9679F980E98}.NDoc|Any CPU.ActiveCfg = Release|Any CPU
		{1B629491-168E-4B05-9937-D9679F980E98}.NDoc|Any CPU.Build.0 = Release|Any CPU
		{1B629491-168E-4B05-9937-D9679F980E98}.NDoc|Mixed Platforms.ActiveCfg = Release|Any CPU
		{1B629491-168E-4B05-9937-D9679F980E98}.NDoc|Mixed Platforms.Build.0 = Release|Any CPU
		{1B629491-168E-4B05-9937-D9679F980E98}.NDoc|x86.ActiveCfg = Release|Any CPU
		{1B629491-168E-4B05-9937-D9679F980E98}.Release 2.0|Any CPU.ActiveCfg = Release|Any CPU
		{1B629491-168E-4B05-9937-D9679F980E98}.Release 2.0|Any CPU.Build.0 = Release|Any CPU
		{1B629491-168E-4B05-9937-D9679F980E98}.Release 2.0|Mixed Platforms.ActiveCfg = Release|Any CPU
		{1B629491-168E-4B05-9937-D9679F980E98}.Release 2.0|Mixed Platforms.Build.0 = Release|Any CPU
		{1B629491-168E-4B05-9937-D9679F980E98}.Release 2.0|x86.ActiveCfg = Release|Any CPU
		{1B629491-168E-4B05-9937-D9679F980E98}.Release|Any CPU.ActiveCfg = Release|Any CPU
		{1B629491-168E-4B05-9937-D9679F980E98}.Release|Any CPU.Build.0 = Release|Any CPU
		{1B629491-168E-4B05-9937-D9679F980E98}.Release|Mixed Platforms.ActiveCfg = Release|Any CPU
		{1B629491-168E-4B05-9937-D9679F980E98}.Release|Mixed Platforms.Build.0 = Release|Any CPU
		{1B629491-168E-4B05-9937-D9679F980E98}.Release|x86.ActiveCfg = Release|Any CPU
		{1B629491-168E-4B05-9937-D9679F980E98}.Timebomb|Any CPU.ActiveCfg = Release|Any CPU
		{1B629491-168E-4B05-9937-D9679F980E98}.Timebomb|Any CPU.Build.0 = Release|Any CPU
		{1B629491-168E-4B05-9937-D9679F980E98}.Timebomb|Mixed Platforms.ActiveCfg = Release|Any CPU
		{1B629491-168E-4B05-9937-D9679F980E98}.Timebomb|Mixed Platforms.Build.0 = Release|Any CPU
		{1B629491-168E-4B05-9937-D9679F980E98}.Timebomb|x86.ActiveCfg = Release|Any CPU
	EndGlobalSection
	GlobalSection(SolutionProperties) = preSolution
		HideSolutionNode = FALSE
	EndGlobalSection
	GlobalSection(NestedProjects) = preSolution
		{181FE707-E161-4722-9F38-6AAAB6FAA106} = {AB087531-862B-489E-ACDA-09C6CC6A20FE}
		{9B624ADB-ACDE-4F23-B712-B3170B91020F} = {AB087531-862B-489E-ACDA-09C6CC6A20FE}
		{BE1EA868-B368-460F-9FC4-2DF35863AF6F} = {AB087531-862B-489E-ACDA-09C6CC6A20FE}
		{D9789B2C-ECCD-46E6-9393-7A655F2D41E7} = {9EC283C8-F57F-4CB7-98CE-9E606C5DEBAF}
		{39E34CEF-8E56-4E8A-9619-36C5948D27AA} = {9EC283C8-F57F-4CB7-98CE-9E606C5DEBAF}
		{C3C4503F-0C4D-43D0-925A-F29FDCFC9060} = {9EC283C8-F57F-4CB7-98CE-9E606C5DEBAF}
		{E2095D96-8EC2-4382-AEEF-55D9DF2325C0} = {D9789B2C-ECCD-46E6-9393-7A655F2D41E7}
		{ED420160-D2FD-4437-9D28-F10C55E4DB28} = {39E34CEF-8E56-4E8A-9619-36C5948D27AA}
		{C9C83714-D202-49D3-9033-73FC3E88691B} = {39E34CEF-8E56-4E8A-9619-36C5948D27AA}
		{1B629491-168E-4B05-9937-D9679F980E98} = {C3C4503F-0C4D-43D0-925A-F29FDCFC9060}
	EndGlobalSection
EndGlobal
