
Microsoft Visual Studio Solution File, Format Version 10.00
# Visual Studio 2008
Project("{FAE04EC0-301F-11D3-BF4B-00C04F79EFBC}") = "TestReadAppSetting", "TestReadAppSetting\TestReadAppSetting.csproj", "{6BFCF9D3-84B7-47C7-B76C-F0D79BF21B09}"
EndProject
Project("{2150E333-8FDC-42A3-9474-1A3956D46DE8}") = "OpenNetCF", "OpenNetCF", "{871B404C-0803-443C-8833-DF0147C989BC}"
EndProject
Project("{FAE04EC0-301F-11D3-BF4B-00C04F79EFBC}") = "OpenNETCF.IoC", "OpenNETCF\IoC\OpenNETCF.IoC\OpenNETCF.IoC.csproj", "{E2095D96-8EC2-4382-AEEF-55D9DF2325C0}"
EndProject
Project("{FAE04EC0-301F-11D3-BF4B-00C04F79EFBC}") = "OpenNETCF", "OpenNETCF\SDF\OpenNETCF\OpenNETCF.csproj", "{ED420160-D2FD-4437-9D28-F10C55E4DB28}"
EndProject
Project("{FAE04EC0-301F-11D3-BF4B-00C04F79EFBC}") = "OpenNETCF.Configuration", "OpenNETCF\SDF\OpenNETCF.Configuration\OpenNETCF.Configuration.csproj", "{C9C83714-D202-49D3-9033-73FC3E88691B}"
EndProject
Project("{FAE04EC0-301F-11D3-BF4B-00C04F79EFBC}") = "OpenNETCF.IO.Serial", "OpenNETCF\Serial\OpenNETCF.IO.Serial\OpenNETCF.IO.Serial.csproj", "{1B629491-168E-4B05-9937-D9679F980E98}"
EndProject
Project("{FAE04EC0-301F-11D3-BF4B-00C04F79EFBC}") = "TestModule", "TestModule\TestModule.csproj", "{BB2E40F1-D99C-472E-92D4-41220EB378F8}"
EndProject
Project("{FAE04EC0-301F-11D3-BF4B-00C04F79EFBC}") = "TimeSpanTest", "TimeSpanTest\TimeSpanTest.csproj", "{AC1511F4-6F71-4CCD-95CF-EA168E2C4D38}"
EndProject
Project("{FAE04EC0-301F-11D3-BF4B-00C04F79EFBC}") = "TestEvents", "TestEvents\TestEvents.csproj", "{5670C9CC-2E34-4A55-B8E6-74E3EB60B854}"
EndProject
Project("{FAE04EC0-301F-11D3-BF4B-00C04F79EFBC}") = "TestEventService", "TestEventService\TestEventService.csproj", "{EBE5EC03-F9AC-42F4-B46B-AAC9E2DE6FA3}"
EndProject
Project("{2150E333-8FDC-42A3-9474-1A3956D46DE8}") = "IoC", "IoC", "{4DD0E122-A950-47AC-AE0D-9B2CF1BE22F8}"
EndProject
Project("{2150E333-8FDC-42A3-9474-1A3956D46DE8}") = "2.0", "2.0", "{12DC87E1-803D-4F32-94F7-3481E7550920}"
EndProject
Project("{FAE04EC0-301F-11D3-BF4B-00C04F79EFBC}") = "OpenNETCF.IoC.CF.2.0", "OpenNETCF\IoC\2.0\OpenNETCF.IoC\OpenNETCF.IoC.CF.2.0.csproj", "{EE74BA59-FF85-4E59-B28D-547E9D44D4F7}"
EndProject
Project("{FAE04EC0-301F-11D3-BF4B-00C04F79EFBC}") = "OpenNETCF.IoC.UI.CF.2.0", "OpenNETCF\IoC\2.0\OpenNETCF.IoC.UI\OpenNETCF.IoC.UI.CF.2.0.csproj", "{5E698EC9-0BD0-48E1-A19D-480074164DCB}"
EndProject
Project("{2150E333-8FDC-42A3-9474-1A3956D46DE8}") = "3.5", "3.5", "{04403D27-5A98-4C62-99C0-91BFED7FC37A}"
EndProject
Project("{FAE04EC0-301F-11D3-BF4B-00C04F79EFBC}") = "OpenNETCF.IoC.CF", "OpenNETCF\IoC\2.0\OpenNETCF.IoC\OpenNETCF.IoC.CF.csproj", "{7A635E7D-58C1-42B0-B5AD-E08AA192F229}"
EndProject
Project("{FAE04EC0-301F-11D3-BF4B-00C04F79EFBC}") = "OpenNETCF.IoC.UI.CF", "OpenNETCF\IoC\2.0\OpenNETCF.IoC.UI\OpenNETCF.IoC.UI.CF.csproj", "{45F51EA2-A27F-44BB-B549-FEB3F9E3C887}"
EndProject
Project("{FAE04EC0-301F-11D3-BF4B-00C04F79EFBC}") = "SmartDeviceWithCF2.0", "..\CF2.0Withlog4net\SmartDeviceWithCF2.0\SmartDeviceWithCF2.0\SmartDeviceWithCF2.0.csproj", "{9B624ADB-ACDE-4F23-B712-B3170B91020F}"
EndProject
Global
	GlobalSection(SolutionConfigurationPlatforms) = preSolution
		Debug 2.0|Any CPU = Debug 2.0|Any CPU
		Debug|Any CPU = Debug|Any CPU
		IntegrationTestDebug|Any CPU = IntegrationTestDebug|Any CPU
		IntegrationTestRelease|Any CPU = IntegrationTestRelease|Any CPU
		NDoc|Any CPU = NDoc|Any CPU
		Release 2.0|Any CPU = Release 2.0|Any CPU
		Release|Any CPU = Release|Any CPU
		Timebomb|Any CPU = Timebomb|Any CPU
	EndGlobalSection
	GlobalSection(ProjectConfigurationPlatforms) = postSolution
		{6BFCF9D3-84B7-47C7-B76C-F0D79BF21B09}.Debug 2.0|Any CPU.ActiveCfg = Debug|Any CPU
		{6BFCF9D3-84B7-47C7-B76C-F0D79BF21B09}.Debug 2.0|Any CPU.Build.0 = Debug|Any CPU
		{6BFCF9D3-84B7-47C7-B76C-F0D79BF21B09}.Debug 2.0|Any CPU.Deploy.0 = Debug|Any CPU
		{6BFCF9D3-84B7-47C7-B76C-F0D79BF21B09}.Debug|Any CPU.ActiveCfg = Debug|Any CPU
		{6BFCF9D3-84B7-47C7-B76C-F0D79BF21B09}.Debug|Any CPU.Build.0 = Debug|Any CPU
		{6BFCF9D3-84B7-47C7-B76C-F0D79BF21B09}.Debug|Any CPU.Deploy.0 = Debug|Any CPU
		{6BFCF9D3-84B7-47C7-B76C-F0D79BF21B09}.IntegrationTestDebug|Any CPU.ActiveCfg = Debug|Any CPU
		{6BFCF9D3-84B7-47C7-B76C-F0D79BF21B09}.IntegrationTestDebug|Any CPU.Build.0 = Debug|Any CPU
		{6BFCF9D3-84B7-47C7-B76C-F0D79BF21B09}.IntegrationTestDebug|Any CPU.Deploy.0 = Debug|Any CPU
		{6BFCF9D3-84B7-47C7-B76C-F0D79BF21B09}.IntegrationTestRelease|Any CPU.ActiveCfg = Release|Any CPU
		{6BFCF9D3-84B7-47C7-B76C-F0D79BF21B09}.IntegrationTestRelease|Any CPU.Build.0 = Release|Any CPU
		{6BFCF9D3-84B7-47C7-B76C-F0D79BF21B09}.IntegrationTestRelease|Any CPU.Deploy.0 = Release|Any CPU
		{6BFCF9D3-84B7-47C7-B76C-F0D79BF21B09}.NDoc|Any CPU.ActiveCfg = Release|Any CPU
		{6BFCF9D3-84B7-47C7-B76C-F0D79BF21B09}.NDoc|Any CPU.Build.0 = Release|Any CPU
		{6BFCF9D3-84B7-47C7-B76C-F0D79BF21B09}.NDoc|Any CPU.Deploy.0 = Release|Any CPU
		{6BFCF9D3-84B7-47C7-B76C-F0D79BF21B09}.Release 2.0|Any CPU.ActiveCfg = Release|Any CPU
		{6BFCF9D3-84B7-47C7-B76C-F0D79BF21B09}.Release 2.0|Any CPU.Build.0 = Release|Any CPU
		{6BFCF9D3-84B7-47C7-B76C-F0D79BF21B09}.Release 2.0|Any CPU.Deploy.0 = Release|Any CPU
		{6BFCF9D3-84B7-47C7-B76C-F0D79BF21B09}.Release|Any CPU.ActiveCfg = Release|Any CPU
		{6BFCF9D3-84B7-47C7-B76C-F0D79BF21B09}.Release|Any CPU.Build.0 = Release|Any CPU
		{6BFCF9D3-84B7-47C7-B76C-F0D79BF21B09}.Release|Any CPU.Deploy.0 = Release|Any CPU
		{6BFCF9D3-84B7-47C7-B76C-F0D79BF21B09}.Timebomb|Any CPU.ActiveCfg = Release|Any CPU
		{6BFCF9D3-84B7-47C7-B76C-F0D79BF21B09}.Timebomb|Any CPU.Build.0 = Release|Any CPU
		{6BFCF9D3-84B7-47C7-B76C-F0D79BF21B09}.Timebomb|Any CPU.Deploy.0 = Release|Any CPU
		{E2095D96-8EC2-4382-AEEF-55D9DF2325C0}.Debug 2.0|Any CPU.ActiveCfg = Debug|Any CPU
		{E2095D96-8EC2-4382-AEEF-55D9DF2325C0}.Debug 2.0|Any CPU.Build.0 = Debug|Any CPU
		{E2095D96-8EC2-4382-AEEF-55D9DF2325C0}.Debug|Any CPU.ActiveCfg = Debug|Any CPU
		{E2095D96-8EC2-4382-AEEF-55D9DF2325C0}.Debug|Any CPU.Build.0 = Debug|Any CPU
		{E2095D96-8EC2-4382-AEEF-55D9DF2325C0}.IntegrationTestDebug|Any CPU.ActiveCfg = Debug|Any CPU
		{E2095D96-8EC2-4382-AEEF-55D9DF2325C0}.IntegrationTestDebug|Any CPU.Build.0 = Debug|Any CPU
		{E2095D96-8EC2-4382-AEEF-55D9DF2325C0}.IntegrationTestRelease|Any CPU.ActiveCfg = Release|Any CPU
		{E2095D96-8EC2-4382-AEEF-55D9DF2325C0}.IntegrationTestRelease|Any CPU.Build.0 = Release|Any CPU
		{E2095D96-8EC2-4382-AEEF-55D9DF2325C0}.NDoc|Any CPU.ActiveCfg = Release|Any CPU
		{E2095D96-8EC2-4382-AEEF-55D9DF2325C0}.NDoc|Any CPU.Build.0 = Release|Any CPU
		{E2095D96-8EC2-4382-AEEF-55D9DF2325C0}.Release 2.0|Any CPU.ActiveCfg = Release|Any CPU
		{E2095D96-8EC2-4382-AEEF-55D9DF2325C0}.Release 2.0|Any CPU.Build.0 = Release|Any CPU
		{E2095D96-8EC2-4382-AEEF-55D9DF2325C0}.Release|Any CPU.ActiveCfg = Release|Any CPU
		{E2095D96-8EC2-4382-AEEF-55D9DF2325C0}.Release|Any CPU.Build.0 = Release|Any CPU
		{E2095D96-8EC2-4382-AEEF-55D9DF2325C0}.Timebomb|Any CPU.ActiveCfg = Release|Any CPU
		{E2095D96-8EC2-4382-AEEF-55D9DF2325C0}.Timebomb|Any CPU.Build.0 = Release|Any CPU
		{ED420160-D2FD-4437-9D28-F10C55E4DB28}.Debug 2.0|Any CPU.ActiveCfg = Debug|Any CPU
		{ED420160-D2FD-4437-9D28-F10C55E4DB28}.Debug 2.0|Any CPU.Build.0 = Debug|Any CPU
		{ED420160-D2FD-4437-9D28-F10C55E4DB28}.Debug|Any CPU.ActiveCfg = Debug|Any CPU
		{ED420160-D2FD-4437-9D28-F10C55E4DB28}.Debug|Any CPU.Build.0 = Debug|Any CPU
		{ED420160-D2FD-4437-9D28-F10C55E4DB28}.IntegrationTestDebug|Any CPU.ActiveCfg = IntegrationTestDebug|Any CPU
		{ED420160-D2FD-4437-9D28-F10C55E4DB28}.IntegrationTestDebug|Any CPU.Build.0 = IntegrationTestDebug|Any CPU
		{ED420160-D2FD-4437-9D28-F10C55E4DB28}.IntegrationTestRelease|Any CPU.ActiveCfg = IntegrationTestRelease|Any CPU
		{ED420160-D2FD-4437-9D28-F10C55E4DB28}.IntegrationTestRelease|Any CPU.Build.0 = IntegrationTestRelease|Any CPU
		{ED420160-D2FD-4437-9D28-F10C55E4DB28}.NDoc|Any CPU.ActiveCfg = NDoc|Any CPU
		{ED420160-D2FD-4437-9D28-F10C55E4DB28}.NDoc|Any CPU.Build.0 = NDoc|Any CPU
		{ED420160-D2FD-4437-9D28-F10C55E4DB28}.Release 2.0|Any CPU.ActiveCfg = Release|Any CPU
		{ED420160-D2FD-4437-9D28-F10C55E4DB28}.Release 2.0|Any CPU.Build.0 = Release|Any CPU
		{ED420160-D2FD-4437-9D28-F10C55E4DB28}.Release|Any CPU.ActiveCfg = Release|Any CPU
		{ED420160-D2FD-4437-9D28-F10C55E4DB28}.Release|Any CPU.Build.0 = Release|Any CPU
		{ED420160-D2FD-4437-9D28-F10C55E4DB28}.Timebomb|Any CPU.ActiveCfg = IntegrationTestRelease|Any CPU
		{ED420160-D2FD-4437-9D28-F10C55E4DB28}.Timebomb|Any CPU.Build.0 = IntegrationTestRelease|Any CPU
		{C9C83714-D202-49D3-9033-73FC3E88691B}.Debug 2.0|Any CPU.ActiveCfg = Debug|Any CPU
		{C9C83714-D202-49D3-9033-73FC3E88691B}.Debug 2.0|Any CPU.Build.0 = Debug|Any CPU
		{C9C83714-D202-49D3-9033-73FC3E88691B}.Debug|Any CPU.ActiveCfg = Debug|Any CPU
		{C9C83714-D202-49D3-9033-73FC3E88691B}.Debug|Any CPU.Build.0 = Debug|Any CPU
		{C9C83714-D202-49D3-9033-73FC3E88691B}.IntegrationTestDebug|Any CPU.ActiveCfg = IntegrationTestDebug|Any CPU
		{C9C83714-D202-49D3-9033-73FC3E88691B}.IntegrationTestDebug|Any CPU.Build.0 = IntegrationTestDebug|Any CPU
		{C9C83714-D202-49D3-9033-73FC3E88691B}.IntegrationTestRelease|Any CPU.ActiveCfg = IntegrationTestRelease|Any CPU
		{C9C83714-D202-49D3-9033-73FC3E88691B}.IntegrationTestRelease|Any CPU.Build.0 = IntegrationTestRelease|Any CPU
		{C9C83714-D202-49D3-9033-73FC3E88691B}.NDoc|Any CPU.ActiveCfg = IntegrationTestRelease|Any CPU
		{C9C83714-D202-49D3-9033-73FC3E88691B}.NDoc|Any CPU.Build.0 = IntegrationTestRelease|Any CPU
		{C9C83714-D202-49D3-9033-73FC3E88691B}.Release 2.0|Any CPU.ActiveCfg = Release|Any CPU
		{C9C83714-D202-49D3-9033-73FC3E88691B}.Release 2.0|Any CPU.Build.0 = Release|Any CPU
		{C9C83714-D202-49D3-9033-73FC3E88691B}.Release|Any CPU.ActiveCfg = Release|Any CPU
		{C9C83714-D202-49D3-9033-73FC3E88691B}.Release|Any CPU.Build.0 = Release|Any CPU
		{C9C83714-D202-49D3-9033-73FC3E88691B}.Timebomb|Any CPU.ActiveCfg = Timebomb|Any CPU
		{C9C83714-D202-49D3-9033-73FC3E88691B}.Timebomb|Any CPU.Build.0 = Timebomb|Any CPU
		{1B629491-168E-4B05-9937-D9679F980E98}.Debug 2.0|Any CPU.ActiveCfg = Debug|Any CPU
		{1B629491-168E-4B05-9937-D9679F980E98}.Debug 2.0|Any CPU.Build.0 = Debug|Any CPU
		{1B629491-168E-4B05-9937-D9679F980E98}.Debug|Any CPU.ActiveCfg = Debug|Any CPU
		{1B629491-168E-4B05-9937-D9679F980E98}.Debug|Any CPU.Build.0 = Debug|Any CPU
		{1B629491-168E-4B05-9937-D9679F980E98}.IntegrationTestDebug|Any CPU.ActiveCfg = Debug|Any CPU
		{1B629491-168E-4B05-9937-D9679F980E98}.IntegrationTestDebug|Any CPU.Build.0 = Debug|Any CPU
		{1B629491-168E-4B05-9937-D9679F980E98}.IntegrationTestRelease|Any CPU.ActiveCfg = Release|Any CPU
		{1B629491-168E-4B05-9937-D9679F980E98}.IntegrationTestRelease|Any CPU.Build.0 = Release|Any CPU
		{1B629491-168E-4B05-9937-D9679F980E98}.NDoc|Any CPU.ActiveCfg = Release|Any CPU
		{1B629491-168E-4B05-9937-D9679F980E98}.NDoc|Any CPU.Build.0 = Release|Any CPU
		{1B629491-168E-4B05-9937-D9679F980E98}.Release 2.0|Any CPU.ActiveCfg = Release|Any CPU
		{1B629491-168E-4B05-9937-D9679F980E98}.Release 2.0|Any CPU.Build.0 = Release|Any CPU
		{1B629491-168E-4B05-9937-D9679F980E98}.Release|Any CPU.ActiveCfg = Release|Any CPU
		{1B629491-168E-4B05-9937-D9679F980E98}.Release|Any CPU.Build.0 = Release|Any CPU
		{1B629491-168E-4B05-9937-D9679F980E98}.Timebomb|Any CPU.ActiveCfg = Release|Any CPU
		{1B629491-168E-4B05-9937-D9679F980E98}.Timebomb|Any CPU.Build.0 = Release|Any CPU
		{BB2E40F1-D99C-472E-92D4-41220EB378F8}.Debug 2.0|Any CPU.ActiveCfg = Debug|Any CPU
		{BB2E40F1-D99C-472E-92D4-41220EB378F8}.Debug 2.0|Any CPU.Build.0 = Debug|Any CPU
		{BB2E40F1-D99C-472E-92D4-41220EB378F8}.Debug|Any CPU.ActiveCfg = Debug|Any CPU
		{BB2E40F1-D99C-472E-92D4-41220EB378F8}.Debug|Any CPU.Build.0 = Debug|Any CPU
		{BB2E40F1-D99C-472E-92D4-41220EB378F8}.IntegrationTestDebug|Any CPU.ActiveCfg = Debug|Any CPU
		{BB2E40F1-D99C-472E-92D4-41220EB378F8}.IntegrationTestDebug|Any CPU.Build.0 = Debug|Any CPU
		{BB2E40F1-D99C-472E-92D4-41220EB378F8}.IntegrationTestRelease|Any CPU.ActiveCfg = Release|Any CPU
		{BB2E40F1-D99C-472E-92D4-41220EB378F8}.IntegrationTestRelease|Any CPU.Build.0 = Release|Any CPU
		{BB2E40F1-D99C-472E-92D4-41220EB378F8}.NDoc|Any CPU.ActiveCfg = Release|Any CPU
		{BB2E40F1-D99C-472E-92D4-41220EB378F8}.NDoc|Any CPU.Build.0 = Release|Any CPU
		{BB2E40F1-D99C-472E-92D4-41220EB378F8}.Release 2.0|Any CPU.ActiveCfg = Release|Any CPU
		{BB2E40F1-D99C-472E-92D4-41220EB378F8}.Release 2.0|Any CPU.Build.0 = Release|Any CPU
		{BB2E40F1-D99C-472E-92D4-41220EB378F8}.Release|Any CPU.ActiveCfg = Release|Any CPU
		{BB2E40F1-D99C-472E-92D4-41220EB378F8}.Release|Any CPU.Build.0 = Release|Any CPU
		{BB2E40F1-D99C-472E-92D4-41220EB378F8}.Timebomb|Any CPU.ActiveCfg = Release|Any CPU
		{BB2E40F1-D99C-472E-92D4-41220EB378F8}.Timebomb|Any CPU.Build.0 = Release|Any CPU
		{AC1511F4-6F71-4CCD-95CF-EA168E2C4D38}.Debug 2.0|Any CPU.ActiveCfg = Debug|Any CPU
		{AC1511F4-6F71-4CCD-95CF-EA168E2C4D38}.Debug 2.0|Any CPU.Build.0 = Debug|Any CPU
		{AC1511F4-6F71-4CCD-95CF-EA168E2C4D38}.Debug 2.0|Any CPU.Deploy.0 = Debug|Any CPU
		{AC1511F4-6F71-4CCD-95CF-EA168E2C4D38}.Debug|Any CPU.ActiveCfg = Debug|Any CPU
		{AC1511F4-6F71-4CCD-95CF-EA168E2C4D38}.Debug|Any CPU.Build.0 = Debug|Any CPU
		{AC1511F4-6F71-4CCD-95CF-EA168E2C4D38}.Debug|Any CPU.Deploy.0 = Debug|Any CPU
		{AC1511F4-6F71-4CCD-95CF-EA168E2C4D38}.IntegrationTestDebug|Any CPU.ActiveCfg = Debug|Any CPU
		{AC1511F4-6F71-4CCD-95CF-EA168E2C4D38}.IntegrationTestDebug|Any CPU.Build.0 = Debug|Any CPU
		{AC1511F4-6F71-4CCD-95CF-EA168E2C4D38}.IntegrationTestDebug|Any CPU.Deploy.0 = Debug|Any CPU
		{AC1511F4-6F71-4CCD-95CF-EA168E2C4D38}.IntegrationTestRelease|Any CPU.ActiveCfg = Release|Any CPU
		{AC1511F4-6F71-4CCD-95CF-EA168E2C4D38}.IntegrationTestRelease|Any CPU.Build.0 = Release|Any CPU
		{AC1511F4-6F71-4CCD-95CF-EA168E2C4D38}.IntegrationTestRelease|Any CPU.Deploy.0 = Release|Any CPU
		{AC1511F4-6F71-4CCD-95CF-EA168E2C4D38}.NDoc|Any CPU.ActiveCfg = Release|Any CPU
		{AC1511F4-6F71-4CCD-95CF-EA168E2C4D38}.NDoc|Any CPU.Build.0 = Release|Any CPU
		{AC1511F4-6F71-4CCD-95CF-EA168E2C4D38}.NDoc|Any CPU.Deploy.0 = Release|Any CPU
		{AC1511F4-6F71-4CCD-95CF-EA168E2C4D38}.Release 2.0|Any CPU.ActiveCfg = Release|Any CPU
		{AC1511F4-6F71-4CCD-95CF-EA168E2C4D38}.Release 2.0|Any CPU.Build.0 = Release|Any CPU
		{AC1511F4-6F71-4CCD-95CF-EA168E2C4D38}.Release 2.0|Any CPU.Deploy.0 = Release|Any CPU
		{AC1511F4-6F71-4CCD-95CF-EA168E2C4D38}.Release|Any CPU.ActiveCfg = Release|Any CPU
		{AC1511F4-6F71-4CCD-95CF-EA168E2C4D38}.Release|Any CPU.Build.0 = Release|Any CPU
		{AC1511F4-6F71-4CCD-95CF-EA168E2C4D38}.Release|Any CPU.Deploy.0 = Release|Any CPU
		{AC1511F4-6F71-4CCD-95CF-EA168E2C4D38}.Timebomb|Any CPU.ActiveCfg = Release|Any CPU
		{AC1511F4-6F71-4CCD-95CF-EA168E2C4D38}.Timebomb|Any CPU.Build.0 = Release|Any CPU
		{AC1511F4-6F71-4CCD-95CF-EA168E2C4D38}.Timebomb|Any CPU.Deploy.0 = Release|Any CPU
		{5670C9CC-2E34-4A55-B8E6-74E3EB60B854}.Debug 2.0|Any CPU.ActiveCfg = Debug|Any CPU
		{5670C9CC-2E34-4A55-B8E6-74E3EB60B854}.Debug 2.0|Any CPU.Build.0 = Debug|Any CPU
		{5670C9CC-2E34-4A55-B8E6-74E3EB60B854}.Debug 2.0|Any CPU.Deploy.0 = Debug|Any CPU
		{5670C9CC-2E34-4A55-B8E6-74E3EB60B854}.Debug|Any CPU.ActiveCfg = Debug|Any CPU
		{5670C9CC-2E34-4A55-B8E6-74E3EB60B854}.Debug|Any CPU.Build.0 = Debug|Any CPU
		{5670C9CC-2E34-4A55-B8E6-74E3EB60B854}.Debug|Any CPU.Deploy.0 = Debug|Any CPU
		{5670C9CC-2E34-4A55-B8E6-74E3EB60B854}.IntegrationTestDebug|Any CPU.ActiveCfg = Debug|Any CPU
		{5670C9CC-2E34-4A55-B8E6-74E3EB60B854}.IntegrationTestDebug|Any CPU.Build.0 = Debug|Any CPU
		{5670C9CC-2E34-4A55-B8E6-74E3EB60B854}.IntegrationTestDebug|Any CPU.Deploy.0 = Debug|Any CPU
		{5670C9CC-2E34-4A55-B8E6-74E3EB60B854}.IntegrationTestRelease|Any CPU.ActiveCfg = Release|Any CPU
		{5670C9CC-2E34-4A55-B8E6-74E3EB60B854}.IntegrationTestRelease|Any CPU.Build.0 = Release|Any CPU
		{5670C9CC-2E34-4A55-B8E6-74E3EB60B854}.IntegrationTestRelease|Any CPU.Deploy.0 = Release|Any CPU
		{5670C9CC-2E34-4A55-B8E6-74E3EB60B854}.NDoc|Any CPU.ActiveCfg = Release|Any CPU
		{5670C9CC-2E34-4A55-B8E6-74E3EB60B854}.NDoc|Any CPU.Build.0 = Release|Any CPU
		{5670C9CC-2E34-4A55-B8E6-74E3EB60B854}.NDoc|Any CPU.Deploy.0 = Release|Any CPU
		{5670C9CC-2E34-4A55-B8E6-74E3EB60B854}.Release 2.0|Any CPU.ActiveCfg = Release|Any CPU
		{5670C9CC-2E34-4A55-B8E6-74E3EB60B854}.Release 2.0|Any CPU.Build.0 = Release|Any CPU
		{5670C9CC-2E34-4A55-B8E6-74E3EB60B854}.Release 2.0|Any CPU.Deploy.0 = Release|Any CPU
		{5670C9CC-2E34-4A55-B8E6-74E3EB60B854}.Release|Any CPU.ActiveCfg = Release|Any CPU
		{5670C9CC-2E34-4A55-B8E6-74E3EB60B854}.Release|Any CPU.Build.0 = Release|Any CPU
		{5670C9CC-2E34-4A55-B8E6-74E3EB60B854}.Release|Any CPU.Deploy.0 = Release|Any CPU
		{5670C9CC-2E34-4A55-B8E6-74E3EB60B854}.Timebomb|Any CPU.ActiveCfg = Release|Any CPU
		{5670C9CC-2E34-4A55-B8E6-74E3EB60B854}.Timebomb|Any CPU.Build.0 = Release|Any CPU
		{5670C9CC-2E34-4A55-B8E6-74E3EB60B854}.Timebomb|Any CPU.Deploy.0 = Release|Any CPU
		{EBE5EC03-F9AC-42F4-B46B-AAC9E2DE6FA3}.Debug 2.0|Any CPU.ActiveCfg = Debug|Any CPU
		{EBE5EC03-F9AC-42F4-B46B-AAC9E2DE6FA3}.Debug 2.0|Any CPU.Build.0 = Debug|Any CPU
		{EBE5EC03-F9AC-42F4-B46B-AAC9E2DE6FA3}.Debug|Any CPU.ActiveCfg = Debug|Any CPU
		{EBE5EC03-F9AC-42F4-B46B-AAC9E2DE6FA3}.Debug|Any CPU.Build.0 = Debug|Any CPU
		{EBE5EC03-F9AC-42F4-B46B-AAC9E2DE6FA3}.IntegrationTestDebug|Any CPU.ActiveCfg = Debug|Any CPU
		{EBE5EC03-F9AC-42F4-B46B-AAC9E2DE6FA3}.IntegrationTestDebug|Any CPU.Build.0 = Debug|Any CPU
		{EBE5EC03-F9AC-42F4-B46B-AAC9E2DE6FA3}.IntegrationTestRelease|Any CPU.ActiveCfg = Release|Any CPU
		{EBE5EC03-F9AC-42F4-B46B-AAC9E2DE6FA3}.IntegrationTestRelease|Any CPU.Build.0 = Release|Any CPU
		{EBE5EC03-F9AC-42F4-B46B-AAC9E2DE6FA3}.NDoc|Any CPU.ActiveCfg = Release|Any CPU
		{EBE5EC03-F9AC-42F4-B46B-AAC9E2DE6FA3}.NDoc|Any CPU.Build.0 = Release|Any CPU
		{EBE5EC03-F9AC-42F4-B46B-AAC9E2DE6FA3}.Release 2.0|Any CPU.ActiveCfg = Release|Any CPU
		{EBE5EC03-F9AC-42F4-B46B-AAC9E2DE6FA3}.Release 2.0|Any CPU.Build.0 = Release|Any CPU
		{EBE5EC03-F9AC-42F4-B46B-AAC9E2DE6FA3}.Release|Any CPU.ActiveCfg = Release|Any CPU
		{EBE5EC03-F9AC-42F4-B46B-AAC9E2DE6FA3}.Release|Any CPU.Build.0 = Release|Any CPU
		{EBE5EC03-F9AC-42F4-B46B-AAC9E2DE6FA3}.Timebomb|Any CPU.ActiveCfg = Release|Any CPU
		{EBE5EC03-F9AC-42F4-B46B-AAC9E2DE6FA3}.Timebomb|Any CPU.Build.0 = Release|Any CPU
		{EE74BA59-FF85-4E59-B28D-547E9D44D4F7}.Debug 2.0|Any CPU.ActiveCfg = Debug 2.0|Any CPU
		{EE74BA59-FF85-4E59-B28D-547E9D44D4F7}.Debug 2.0|Any CPU.Build.0 = Debug 2.0|Any CPU
		{EE74BA59-FF85-4E59-B28D-547E9D44D4F7}.Debug|Any CPU.ActiveCfg = Debug|Any CPU
		{EE74BA59-FF85-4E59-B28D-547E9D44D4F7}.Debug|Any CPU.Build.0 = Debug|Any CPU
		{EE74BA59-FF85-4E59-B28D-547E9D44D4F7}.IntegrationTestDebug|Any CPU.ActiveCfg = Debug|Any CPU
		{EE74BA59-FF85-4E59-B28D-547E9D44D4F7}.IntegrationTestDebug|Any CPU.Build.0 = Debug|Any CPU
		{EE74BA59-FF85-4E59-B28D-547E9D44D4F7}.IntegrationTestRelease|Any CPU.ActiveCfg = Release|Any CPU
		{EE74BA59-FF85-4E59-B28D-547E9D44D4F7}.IntegrationTestRelease|Any CPU.Build.0 = Release|Any CPU
		{EE74BA59-FF85-4E59-B28D-547E9D44D4F7}.NDoc|Any CPU.ActiveCfg = Debug 2.0|Any CPU
		{EE74BA59-FF85-4E59-B28D-547E9D44D4F7}.NDoc|Any CPU.Build.0 = Debug 2.0|Any CPU
		{EE74BA59-FF85-4E59-B28D-547E9D44D4F7}.Release 2.0|Any CPU.ActiveCfg = Release 2.0|Any CPU
		{EE74BA59-FF85-4E59-B28D-547E9D44D4F7}.Release 2.0|Any CPU.Build.0 = Release 2.0|Any CPU
		{EE74BA59-FF85-4E59-B28D-547E9D44D4F7}.Release|Any CPU.ActiveCfg = Release|Any CPU
		{EE74BA59-FF85-4E59-B28D-547E9D44D4F7}.Release|Any CPU.Build.0 = Release|Any CPU
		{EE74BA59-FF85-4E59-B28D-547E9D44D4F7}.Timebomb|Any CPU.ActiveCfg = Debug 2.0|Any CPU
		{EE74BA59-FF85-4E59-B28D-547E9D44D4F7}.Timebomb|Any CPU.Build.0 = Debug 2.0|Any CPU
		{5E698EC9-0BD0-48E1-A19D-480074164DCB}.Debug 2.0|Any CPU.ActiveCfg = Debug 2.0|Any CPU
		{5E698EC9-0BD0-48E1-A19D-480074164DCB}.Debug 2.0|Any CPU.Build.0 = Debug 2.0|Any CPU
		{5E698EC9-0BD0-48E1-A19D-480074164DCB}.Debug|Any CPU.ActiveCfg = Debug|Any CPU
		{5E698EC9-0BD0-48E1-A19D-480074164DCB}.Debug|Any CPU.Build.0 = Debug|Any CPU
		{5E698EC9-0BD0-48E1-A19D-480074164DCB}.IntegrationTestDebug|Any CPU.ActiveCfg = Debug|Any CPU
		{5E698EC9-0BD0-48E1-A19D-480074164DCB}.IntegrationTestDebug|Any CPU.Build.0 = Debug|Any CPU
		{5E698EC9-0BD0-48E1-A19D-480074164DCB}.IntegrationTestRelease|Any CPU.ActiveCfg = Release|Any CPU
		{5E698EC9-0BD0-48E1-A19D-480074164DCB}.IntegrationTestRelease|Any CPU.Build.0 = Release|Any CPU
		{5E698EC9-0BD0-48E1-A19D-480074164DCB}.NDoc|Any CPU.ActiveCfg = Debug 2.0|Any CPU
		{5E698EC9-0BD0-48E1-A19D-480074164DCB}.NDoc|Any CPU.Build.0 = Debug 2.0|Any CPU
		{5E698EC9-0BD0-48E1-A19D-480074164DCB}.Release 2.0|Any CPU.ActiveCfg = Release 2.0|Any CPU
		{5E698EC9-0BD0-48E1-A19D-480074164DCB}.Release 2.0|Any CPU.Build.0 = Release 2.0|Any CPU
		{5E698EC9-0BD0-48E1-A19D-480074164DCB}.Release|Any CPU.ActiveCfg = Release|Any CPU
		{5E698EC9-0BD0-48E1-A19D-480074164DCB}.Release|Any CPU.Build.0 = Release|Any CPU
		{5E698EC9-0BD0-48E1-A19D-480074164DCB}.Timebomb|Any CPU.ActiveCfg = Debug 2.0|Any CPU
		{5E698EC9-0BD0-48E1-A19D-480074164DCB}.Timebomb|Any CPU.Build.0 = Debug 2.0|Any CPU
		{7A635E7D-58C1-42B0-B5AD-E08AA192F229}.Debug 2.0|Any CPU.ActiveCfg = Debug 2.0|Any CPU
		{7A635E7D-58C1-42B0-B5AD-E08AA192F229}.Debug 2.0|Any CPU.Build.0 = Debug 2.0|Any CPU
		{7A635E7D-58C1-42B0-B5AD-E08AA192F229}.Debug|Any CPU.ActiveCfg = Debug|Any CPU
		{7A635E7D-58C1-42B0-B5AD-E08AA192F229}.Debug|Any CPU.Build.0 = Debug|Any CPU
		{7A635E7D-58C1-42B0-B5AD-E08AA192F229}.IntegrationTestDebug|Any CPU.ActiveCfg = Debug|Any CPU
		{7A635E7D-58C1-42B0-B5AD-E08AA192F229}.IntegrationTestDebug|Any CPU.Build.0 = Debug|Any CPU
		{7A635E7D-58C1-42B0-B5AD-E08AA192F229}.IntegrationTestRelease|Any CPU.ActiveCfg = Release|Any CPU
		{7A635E7D-58C1-42B0-B5AD-E08AA192F229}.IntegrationTestRelease|Any CPU.Build.0 = Release|Any CPU
		{7A635E7D-58C1-42B0-B5AD-E08AA192F229}.NDoc|Any CPU.ActiveCfg = Debug 2.0|Any CPU
		{7A635E7D-58C1-42B0-B5AD-E08AA192F229}.NDoc|Any CPU.Build.0 = Debug 2.0|Any CPU
		{7A635E7D-58C1-42B0-B5AD-E08AA192F229}.Release 2.0|Any CPU.ActiveCfg = Release 2.0|Any CPU
		{7A635E7D-58C1-42B0-B5AD-E08AA192F229}.Release 2.0|Any CPU.Build.0 = Release 2.0|Any CPU
		{7A635E7D-58C1-42B0-B5AD-E08AA192F229}.Release|Any CPU.ActiveCfg = Release|Any CPU
		{7A635E7D-58C1-42B0-B5AD-E08AA192F229}.Release|Any CPU.Build.0 = Release|Any CPU
		{7A635E7D-58C1-42B0-B5AD-E08AA192F229}.Timebomb|Any CPU.ActiveCfg = Debug 2.0|Any CPU
		{7A635E7D-58C1-42B0-B5AD-E08AA192F229}.Timebomb|Any CPU.Build.0 = Debug 2.0|Any CPU
		{45F51EA2-A27F-44BB-B549-FEB3F9E3C887}.Debug 2.0|Any CPU.ActiveCfg = Debug 2.0|Any CPU
		{45F51EA2-A27F-44BB-B549-FEB3F9E3C887}.Debug 2.0|Any CPU.Build.0 = Debug 2.0|Any CPU
		{45F51EA2-A27F-44BB-B549-FEB3F9E3C887}.Debug|Any CPU.ActiveCfg = Debug|Any CPU
		{45F51EA2-A27F-44BB-B549-FEB3F9E3C887}.Debug|Any CPU.Build.0 = Debug|Any CPU
		{45F51EA2-A27F-44BB-B549-FEB3F9E3C887}.IntegrationTestDebug|Any CPU.ActiveCfg = Debug|Any CPU
		{45F51EA2-A27F-44BB-B549-FEB3F9E3C887}.IntegrationTestDebug|Any CPU.Build.0 = Debug|Any CPU
		{45F51EA2-A27F-44BB-B549-FEB3F9E3C887}.IntegrationTestRelease|Any CPU.ActiveCfg = Release|Any CPU
		{45F51EA2-A27F-44BB-B549-FEB3F9E3C887}.IntegrationTestRelease|Any CPU.Build.0 = Release|Any CPU
		{45F51EA2-A27F-44BB-B549-FEB3F9E3C887}.NDoc|Any CPU.ActiveCfg = Debug 2.0|Any CPU
		{45F51EA2-A27F-44BB-B549-FEB3F9E3C887}.NDoc|Any CPU.Build.0 = Debug 2.0|Any CPU
		{45F51EA2-A27F-44BB-B549-FEB3F9E3C887}.Release 2.0|Any CPU.ActiveCfg = Release 2.0|Any CPU
		{45F51EA2-A27F-44BB-B549-FEB3F9E3C887}.Release 2.0|Any CPU.Build.0 = Release 2.0|Any CPU
		{45F51EA2-A27F-44BB-B549-FEB3F9E3C887}.Release|Any CPU.ActiveCfg = Release|Any CPU
		{45F51EA2-A27F-44BB-B549-FEB3F9E3C887}.Release|Any CPU.Build.0 = Release|Any CPU
		{45F51EA2-A27F-44BB-B549-FEB3F9E3C887}.Timebomb|Any CPU.ActiveCfg = Debug 2.0|Any CPU
		{45F51EA2-A27F-44BB-B549-FEB3F9E3C887}.Timebomb|Any CPU.Build.0 = Debug 2.0|Any CPU
		{9B624ADB-ACDE-4F23-B712-B3170B91020F}.Debug 2.0|Any CPU.ActiveCfg = Debug|Any CPU
		{9B624ADB-ACDE-4F23-B712-B3170B91020F}.Debug 2.0|Any CPU.Build.0 = Debug|Any CPU
		{9B624ADB-ACDE-4F23-B712-B3170B91020F}.Debug 2.0|Any CPU.Deploy.0 = Debug|Any CPU
		{9B624ADB-ACDE-4F23-B712-B3170B91020F}.Debug|Any CPU.ActiveCfg = Debug|Any CPU
		{9B624ADB-ACDE-4F23-B712-B3170B91020F}.Debug|Any CPU.Build.0 = Debug|Any CPU
		{9B624ADB-ACDE-4F23-B712-B3170B91020F}.Debug|Any CPU.Deploy.0 = Debug|Any CPU
		{9B624ADB-ACDE-4F23-B712-B3170B91020F}.IntegrationTestDebug|Any CPU.ActiveCfg = Debug|Any CPU
		{9B624ADB-ACDE-4F23-B712-B3170B91020F}.IntegrationTestDebug|Any CPU.Build.0 = Debug|Any CPU
		{9B624ADB-ACDE-4F23-B712-B3170B91020F}.IntegrationTestDebug|Any CPU.Deploy.0 = Debug|Any CPU
		{9B624ADB-ACDE-4F23-B712-B3170B91020F}.IntegrationTestRelease|Any CPU.ActiveCfg = Release|Any CPU
		{9B624ADB-ACDE-4F23-B712-B3170B91020F}.IntegrationTestRelease|Any CPU.Build.0 = Release|Any CPU
		{9B624ADB-ACDE-4F23-B712-B3170B91020F}.IntegrationTestRelease|Any CPU.Deploy.0 = Release|Any CPU
		{9B624ADB-ACDE-4F23-B712-B3170B91020F}.NDoc|Any CPU.ActiveCfg = Release|Any CPU
		{9B624ADB-ACDE-4F23-B712-B3170B91020F}.NDoc|Any CPU.Build.0 = Release|Any CPU
		{9B624ADB-ACDE-4F23-B712-B3170B91020F}.NDoc|Any CPU.Deploy.0 = Release|Any CPU
		{9B624ADB-ACDE-4F23-B712-B3170B91020F}.Release 2.0|Any CPU.ActiveCfg = Release|Any CPU
		{9B624ADB-ACDE-4F23-B712-B3170B91020F}.Release 2.0|Any CPU.Build.0 = Release|Any CPU
		{9B624ADB-ACDE-4F23-B712-B3170B91020F}.Release 2.0|Any CPU.Deploy.0 = Release|Any CPU
		{9B624ADB-ACDE-4F23-B712-B3170B91020F}.Release|Any CPU.ActiveCfg = Release|Any CPU
		{9B624ADB-ACDE-4F23-B712-B3170B91020F}.Release|Any CPU.Build.0 = Release|Any CPU
		{9B624ADB-ACDE-4F23-B712-B3170B91020F}.Release|Any CPU.Deploy.0 = Release|Any CPU
		{9B624ADB-ACDE-4F23-B712-B3170B91020F}.Timebomb|Any CPU.ActiveCfg = Release|Any CPU
		{9B624ADB-ACDE-4F23-B712-B3170B91020F}.Timebomb|Any CPU.Build.0 = Release|Any CPU
		{9B624ADB-ACDE-4F23-B712-B3170B91020F}.Timebomb|Any CPU.Deploy.0 = Release|Any CPU
	EndGlobalSection
	GlobalSection(SolutionProperties) = preSolution
		HideSolutionNode = FALSE
	EndGlobalSection
	GlobalSection(NestedProjects) = preSolution
		{E2095D96-8EC2-4382-AEEF-55D9DF2325C0} = {871B404C-0803-443C-8833-DF0147C989BC}
		{ED420160-D2FD-4437-9D28-F10C55E4DB28} = {871B404C-0803-443C-8833-DF0147C989BC}
		{C9C83714-D202-49D3-9033-73FC3E88691B} = {871B404C-0803-443C-8833-DF0147C989BC}
		{1B629491-168E-4B05-9937-D9679F980E98} = {871B404C-0803-443C-8833-DF0147C989BC}
		{4DD0E122-A950-47AC-AE0D-9B2CF1BE22F8} = {871B404C-0803-443C-8833-DF0147C989BC}
		{12DC87E1-803D-4F32-94F7-3481E7550920} = {4DD0E122-A950-47AC-AE0D-9B2CF1BE22F8}
		{04403D27-5A98-4C62-99C0-91BFED7FC37A} = {4DD0E122-A950-47AC-AE0D-9B2CF1BE22F8}
		{EE74BA59-FF85-4E59-B28D-547E9D44D4F7} = {12DC87E1-803D-4F32-94F7-3481E7550920}
		{5E698EC9-0BD0-48E1-A19D-480074164DCB} = {12DC87E1-803D-4F32-94F7-3481E7550920}
		{7A635E7D-58C1-42B0-B5AD-E08AA192F229} = {04403D27-5A98-4C62-99C0-91BFED7FC37A}
		{45F51EA2-A27F-44BB-B549-FEB3F9E3C887} = {04403D27-5A98-4C62-99C0-91BFED7FC37A}
	EndGlobalSection
EndGlobal
