
Microsoft Visual Studio Solution File, Format Version 12.00
# Visual Studio 2013
VisualStudioVersion = 12.0.31101.0
MinimumVisualStudioVersion = 10.0.40219.1
Project("{FAE04EC0-301F-11D3-BF4B-00C04F79EFBC}") = "MvcApplication1", "MvcApplication1\MvcApplication1.csproj", "{732478AD-D673-4AD2-A0F7-B22A33CED7DC}"
EndProject
Project("{FAE04EC0-301F-11D3-BF4B-00C04F79EFBC}") = "WebApplication1", "WebApplication1\WebApplication1.csproj", "{EF040255-A4D3-4068-8B2C-DE3D9F3F2096}"
EndProject
Global
	GlobalSection(SolutionConfigurationPlatforms) = preSolution
		Debug|Any CPU = Debug|Any CPU
		Release|Any CPU = Release|Any CPU
	EndGlobalSection
	GlobalSection(ProjectConfigurationPlatforms) = postSolution
		{732478AD-D673-4AD2-A0F7-B22A33CED7DC}.Debug|Any CPU.ActiveCfg = Debug|Any CPU
		{732478AD-D673-4AD2-A0F7-B22A33CED7DC}.Debug|Any CPU.Build.0 = Debug|Any CPU
		{732478AD-D673-4AD2-A0F7-B22A33CED7DC}.Release|Any CPU.ActiveCfg = Release|Any CPU
		{732478AD-D673-4AD2-A0F7-B22A33CED7DC}.Release|Any CPU.Build.0 = Release|Any CPU
		{EF040255-A4D3-4068-8B2C-DE3D9F3F2096}.Debug|Any CPU.ActiveCfg = Debug|Any CPU
		{EF040255-A4D3-4068-8B2C-DE3D9F3F2096}.Debug|Any CPU.Build.0 = Debug|Any CPU
		{EF040255-A4D3-4068-8B2C-DE3D9F3F2096}.Release|Any CPU.ActiveCfg = Release|Any CPU
		{EF040255-A4D3-4068-8B2C-DE3D9F3F2096}.Release|Any CPU.Build.0 = Release|Any CPU
	EndGlobalSection
	GlobalSection(SolutionProperties) = preSolution
		HideSolutionNode = FALSE
	EndGlobalSection
EndGlobal
